<?xml version="1.0" encoding="utf-8"?>
<Project xmlns="http://schemas.microsoft.com/developer/msbuild/2003" ToolsVersion="4.0">
  <ItemGroup>
    <Filter Include="Header Files">
      <UniqueIdentifier>{4D1BFFCC-9CEB-4ABF-A951-582870FE71FD}</UniqueIdentifier>
      <Extensions>h;hpp;hxx;hm;inl;inc;xsd</Extensions>
    </Filter>
    <Filter Include="Header Files\TouchGFX">
      <UniqueIdentifier>{29C60541-803D-4F43-8683-028D9DA5E0CB}</UniqueIdentifier>
    </Filter>
    <Filter Include="Header Files\TouchGFX\common">
      <UniqueIdentifier>{AF2BF67C-89EC-4545-B0D2-5BD6803628D4}</UniqueIdentifier>
    </Filter>
    <Filter Include="Header Files\TouchGFX\mvp">
      <UniqueIdentifier>{A8F51E02-A400-49F1-AC86-371872A7E5E6}</UniqueIdentifier>
    </Filter>
    <Filter Include="Header Files\TouchGFX\platform">
      <UniqueIdentifier>{493CF637-721C-4516-8638-3EE4790FB455}</UniqueIdentifier>
    </Filter>
    <Filter Include="Header Files\TouchGFX\touchgfx">
      <UniqueIdentifier>{7187028B-6482-4EB3-8556-EECD38E0636B}</UniqueIdentifier>
    </Filter>
    <Filter Include="Header Files\TouchGFX\platform\driver">
      <UniqueIdentifier>{D2E6B448-6B79-434F-A8EB-C8F8415957E9}</UniqueIdentifier>
    </Filter>
    <Filter Include="Header Files\TouchGFX\platform\hal">
      <UniqueIdentifier>{07737357-9365-4A8F-B2F6-908B5FC4E808}</UniqueIdentifier>
    </Filter>
    <Filter Include="Header Files\TouchGFX\touchgfx\canvas_widget_renderer">
      <UniqueIdentifier>{085B248B-6BE1-4BF8-9913-35526BAEE4C7}</UniqueIdentifier>
    </Filter>
    <Filter Include="Header Files\TouchGFX\touchgfx\containers">
      <UniqueIdentifier>{E08C6B18-2F0E-4861-87D5-80FB0411017E}</UniqueIdentifier>
    </Filter>
    <Filter Include="Header Files\TouchGFX\touchgfx\events">
      <UniqueIdentifier>{29D72404-E5CB-472C-B00F-3784DF3CCD1E}</UniqueIdentifier>
    </Filter>
    <Filter Include="Header Files\TouchGFX\touchgfx\hal">
      <UniqueIdentifier>{09561B72-532B-45EB-8E32-CAA31C349F83}</UniqueIdentifier>
    </Filter>
    <Filter Include="Header Files\TouchGFX\touchgfx\lcd">
      <UniqueIdentifier>{A89B6308-CBC1-48EC-BF14-B3C6106FACCE}</UniqueIdentifier>
    </Filter>
    <Filter Include="Header Files\TouchGFX\touchgfx\mixins">
      <UniqueIdentifier>{DB82A963-BE52-4494-BD5E-358C5E79C081}</UniqueIdentifier>
    </Filter>
    <Filter Include="Header Files\TouchGFX\touchgfx\transforms">
      <UniqueIdentifier>{509E01BB-FBF4-4198-B748-936C1B67839A}</UniqueIdentifier>
    </Filter>
    <Filter Include="Header Files\TouchGFX\touchgfx\transitions">
      <UniqueIdentifier>{3F023E56-225A-4D4C-9D20-74447A23BAD9}</UniqueIdentifier>
    </Filter>
    <Filter Include="Header Files\TouchGFX\touchgfx\widgets">
      <UniqueIdentifier>{0E9A8FD3-B71B-46B9-B1F6-3A18292FFAC4}</UniqueIdentifier>
    </Filter>
    <Filter Include="Header Files\TouchGFX\platform\driver\lcd">
      <UniqueIdentifier>{9B32A742-EBA9-4EBA-832E-0421D7E68BC5}</UniqueIdentifier>
    </Filter>
    <Filter Include="Header Files\TouchGFX\platform\driver\touch">
      <UniqueIdentifier>{8C31441B-2191-4B32-869D-7B253AECB28F}</UniqueIdentifier>
    </Filter>
    <Filter Include="Header Files\TouchGFX\platform\hal\simulator">
      <UniqueIdentifier>{464CC9FB-AFF6-4FFA-B4D8-BCAC4B2B8898}</UniqueIdentifier>
    </Filter>
    <Filter Include="Header Files\TouchGFX\touchgfx\containers\clock">
      <UniqueIdentifier>{B7237C13-DD69-4F78-8446-9A554431E3F8}</UniqueIdentifier>
    </Filter>
    <Filter Include="Header Files\TouchGFX\touchgfx\containers\progress_indicators">
      <UniqueIdentifier>{5E0E884F-0059-4306-94BA-3197219750E3}</UniqueIdentifier>
    </Filter>
    <Filter Include="Header Files\TouchGFX\touchgfx\widgets\canvas">
      <UniqueIdentifier>{DBFF640A-BD63-40BC-A0A5-2468BC461037}</UniqueIdentifier>
    </Filter>
    <Filter Include="Header Files\TouchGFX\platform\hal\simulator\sdl2">
      <UniqueIdentifier>{EA3962C0-553C-4CFD-A89B-A116A9493818}</UniqueIdentifier>
    </Filter>
    <Filter Include="Header Files\generated">
      <UniqueIdentifier>{29C60541-803D-4F44-8783-028D9DA5E0CC}</UniqueIdentifier>
    </Filter>
    <Filter Include="Header Files\generated\simulator">
      <UniqueIdentifier>{29C60541-803D-4F43-8683-028D9DA5E0CC}</UniqueIdentifier>
    </Filter>
    <Filter Include="Resource Files">
      <UniqueIdentifier>{92BBFF14-FBDB-4755-BA47-A830D863D92B}</UniqueIdentifier>
      <Extensions>rc;ico;cur;bmp;dlg;rc2;rct;bin;rgs;gif;jpg;jpeg;jpe;resx;tiff;tif;ttf;otf;bdf;png;wav;xml;props;mfcribbon-ms</Extensions>
    </Filter>
    <Filter Include="Resource Files\assets">
      <UniqueIdentifier>{AF899B0F-78BE-47F9-A912-E92CB9156E40}</UniqueIdentifier>
    </Filter>
    <Filter Include="Resource Files\config">
      <UniqueIdentifier>{29E8A9F8-6504-4625-AB47-671A3F665E51}</UniqueIdentifier>
    </Filter>
    <Filter Include="Resource Files\assets\texts">
      <UniqueIdentifier>{382278FD-2B19-4E89-AE4F-24AF77E7A270}</UniqueIdentifier>
    </Filter>
    <Filter Include="Resource Files\config\msvs">
      <UniqueIdentifier>{C24EAEDB-9A3F-43DC-87FB-C7AC2729A078}</UniqueIdentifier>
    </Filter>
    <Filter Include="Source Files">
      <UniqueIdentifier>{2F3FC0AA-97C4-4366-9939-94A0FF4E028C}</UniqueIdentifier>
      <Extensions>cpp;c;cc;cxx;def;odl;idl;hpj;bat;asm;asmx</Extensions>
    </Filter>
    <Filter Include="Source Files\TouchGFX">
      <UniqueIdentifier>{C07B02A9-A55E-47AA-AD61-59A6AAD754E6}</UniqueIdentifier>
    </Filter>
    <Filter Include="Source Files\TouchGFX\platform">
      <UniqueIdentifier>{33EDC2DB-AF72-480C-92E5-2A2833BCAB6F}</UniqueIdentifier>
    </Filter>
    <Filter Include="Source Files\TouchGFX\platform\driver">
      <UniqueIdentifier>{1D8EFD90-430A-4539-9080-16A38861D20A}</UniqueIdentifier>
    </Filter>
    <Filter Include="Source Files\TouchGFX\platform\hal">
      <UniqueIdentifier>{E8DECBF2-0C8E-4397-8603-3101D6F922D6}</UniqueIdentifier>
    </Filter>
    <Filter Include="Source Files\TouchGFX\platform\driver\touch">
      <UniqueIdentifier>{40F0D55D-79D9-488A-AF83-ADC96179EADF}</UniqueIdentifier>
    </Filter>
    <Filter Include="Source Files\TouchGFX\platform\hal\simulator">
      <UniqueIdentifier>{3FB50DD5-31DA-4042-B7FD-2151C58CDA80}</UniqueIdentifier>
    </Filter>
    <Filter Include="Source Files\TouchGFX\platform\hal\simulator\sdl2">
      <UniqueIdentifier>{B48CB42B-0F9E-4815-BFE1-1ACC1150ED8A}</UniqueIdentifier>
    </Filter>
    <Filter Include="Source Files\simulator">
      <UniqueIdentifier>{C07B03A9-A55E-47AA-AD61-59A6AAD754E6}</UniqueIdentifier>
    </Filter>
    <Filter Include="Source Files\generated">
      <UniqueIdentifier>{C07B02B9-A55E-47AB-AD61-59A6AAD754E6}</UniqueIdentifier>
    </Filter>
    <Filter Include="Source Files\generated\simulator">
      <UniqueIdentifier>{C07B02B9-A55E-47AA-AD61-59A6AAD754E6}</UniqueIdentifier>
    </Filter>
    <Filter Include="Source Files\gui">
      <UniqueIdentifier>93184870-35FA-88FB-1B11-4C01EBD1F732</UniqueIdentifier>
    </Filter>
    <Filter Include="Header Files\gui">
      <UniqueIdentifier>C58B5A7D-1639-676B-F206-30D0CB7B09DB</UniqueIdentifier>
    </Filter>
    <Filter Include="Source Files\gui\mainscreen_screen">
      <UniqueIdentifier>5FD87137-BF2A-B994-1E19-E59F32138885</UniqueIdentifier>
    </Filter>
    <Filter Include="Header Files\generated\gui_generated">
      <UniqueIdentifier>A11E5CDB-51BD-DE17-6366-4EAC026E67E5</UniqueIdentifier>
    </Filter>
    <Filter Include="Source Files\generated\gui_generated">
      <UniqueIdentifier>96A85313-C3E6-8E5D-770F-AE22817E5562</UniqueIdentifier>
    </Filter>
    <Filter Include="Header Files\gui\mainscreen_screen">
      <UniqueIdentifier>AFDA2DBE-4E03-769D-073C-149378F40856</UniqueIdentifier>
    </Filter>
    <Filter Include="Source Files\gui\configscreen_screen">
      <UniqueIdentifier>A7CBCBE7-C9E7-6591-1E3F-F87E32CA91D7</UniqueIdentifier>
    </Filter>
    <Filter Include="Header Files\gui\jobcompletescreen_screen">
      <UniqueIdentifier>DAF8CFD6-5672-34FA-F608-5FFBBB22EE16</UniqueIdentifier>
    </Filter>
    <Filter Include="Source Files\gui\jobcompletescreen_screen">
      <UniqueIdentifier>74FC661E-E1D9-2623-9976-F0AB5216A657</UniqueIdentifier>
    </Filter>
    <Filter Include="Header Files\gui\configscreen_screen">
      <UniqueIdentifier>4542AA67-656F-02DF-9055-9EB64A4BF79C</UniqueIdentifier>
    </Filter>
    <Filter Include="Source Files\gui\alarmconfigscreen_screen">
      <UniqueIdentifier>FB3365FE-78FE-8498-28DF-3DB4A0B43741</UniqueIdentifier>
    </Filter>
    <Filter Include="Source Files\gui\editcalibhighscreen_screen">
      <UniqueIdentifier>A0C40476-E39A-FDF5-1331-AC6EFCACABB6</UniqueIdentifier>
    </Filter>
    <Filter Include="Header Files\gui\common">
      <UniqueIdentifier>391E6015-5A60-5F26-61D4-C2A5D3971A08</UniqueIdentifier>
    </Filter>
    <Filter Include="Source Files\gui\model">
      <UniqueIdentifier>8265D29A-2054-373E-4AB8-F28481AB425C</UniqueIdentifier>
    </Filter>
    <Filter Include="Header Files\gui\model">
      <UniqueIdentifier>004A37E7-3593-8E62-1866-E8B52FF90E33</UniqueIdentifier>
    </Filter>
    <Filter Include="Header Files\gui\calibrationscreen_screen">
      <UniqueIdentifier>486D3E28-DF3E-50C3-06DA-4E25ED6BFFC2</UniqueIdentifier>
    </Filter>
    <Filter Include="Header Files\gui\alarmconfigscreen_screen">
      <UniqueIdentifier>1D478D0A-DDB7-71C4-709D-F7E14BD1B85B</UniqueIdentifier>
    </Filter>
    <Filter Include="Source Files\gui\containers">
      <UniqueIdentifier>600D237D-BC10-D977-E498-DF81D2B017FF</UniqueIdentifier>
    </Filter>
    <Filter Include="Source Files\gui\calibrationscreen_screen">
      <UniqueIdentifier>3A2DBA39-31E3-1E70-F904-EA12FAA0791C</UniqueIdentifier>
    </Filter>
    <Filter Include="Header Files\gui\containers">
      <UniqueIdentifier>C14F1971-90C0-E5DB-0AEE-200B7CF338EF</UniqueIdentifier>
    </Filter>
    <Filter Include="Source Files\gui\common">
      <UniqueIdentifier>78FFAF39-34C4-CD7C-15B6-DF5C58D095D2</UniqueIdentifier>
    </Filter>
    <Filter Include="Source Files\gui\startupscreen_screen">
      <UniqueIdentifier>9AE49D64-0D13-0173-24EA-E5C867308BAA</UniqueIdentifier>
    </Filter>
    <Filter Include="Header Files\gui\fatalerrorscreen_screen">
      <UniqueIdentifier>582DACA4-482D-BB42-290D-C424612FA559</UniqueIdentifier>
    </Filter>
    <Filter Include="Source Files\gui\requeststopscreen_screen">
      <UniqueIdentifier>24BECA10-1B1C-A84A-D046-FE3E18073FC8</UniqueIdentifier>
    </Filter>
    <Filter Include="Source Files\gui\fatalerrorscreen_screen">
      <UniqueIdentifier>6D9B7AAA-31FD-32D9-88D0-529612727104</UniqueIdentifier>
    </Filter>
    <Filter Include="Header Files\gui\requeststopscreen_screen">
      <UniqueIdentifier>9E5725D4-D817-B8EF-8C33-9D22EB2204DC</UniqueIdentifier>
    </Filter>
    <Filter Include="Source Files\gui\dummyscreen_screen">
      <UniqueIdentifier>0800B464-AD0F-0E95-2E87-1E667F0961F4</UniqueIdentifier>
    </Filter>
    <Filter Include="Header Files\gui\dummyscreen_screen">
      <UniqueIdentifier>B4713C05-66CF-2F9A-FD69-48E99C623EE0</UniqueIdentifier>
    </Filter>
    <Filter Include="Header Files\gui\startupscreen_screen">
      <UniqueIdentifier>13D05B9A-F478-322F-DBF0-0E2354971E8C</UniqueIdentifier>
    </Filter>
    <Filter Include="Header Files\gui\settimescreen_screen">
      <UniqueIdentifier>ED0CE544-A982-2C02-ACE3-B575069AFF0B</UniqueIdentifier>
    </Filter>
    <Filter Include="Header Files\gui\editcalibvaluesscreen_screen">
      <UniqueIdentifier>E281D6F1-9778-4036-F146-0172D86A03F2</UniqueIdentifier>
    </Filter>
    <Filter Include="Source Files\gui\runscreen_screen">
      <UniqueIdentifier>FC05D55C-7BB0-E7DD-4996-0DBE280117F3</UniqueIdentifier>
    </Filter>
    <Filter Include="Source Files\gui\editcalibvaluesscreen_screen">
      <UniqueIdentifier>AF1F3AC2-C238-97D0-DDAA-2281EEBE9976</UniqueIdentifier>
    </Filter>
    <Filter Include="Header Files\gui\runscreen_screen">
      <UniqueIdentifier>CBC7769F-5C6A-E4BC-9E4E-81203BB91E46</UniqueIdentifier>
    </Filter>
    <Filter Include="Header Files\gui\calibratezeroscreen_screen">
      <UniqueIdentifier>D6D7B39C-32CE-6938-64A8-463DD1130F4B</UniqueIdentifier>
    </Filter>
    <Filter Include="Source Files\gui\calibratezeroscreen_screen">
      <UniqueIdentifier>A1A3E420-E8DF-7CA2-5936-32891F11CE64</UniqueIdentifier>
    </Filter>
    <Filter Include="Header Files\gui\editcaliblowscreen_screen">
      <UniqueIdentifier>1266C9D7-169B-0E2B-59C7-9B2A778D48F2</UniqueIdentifier>
    </Filter>
    <Filter Include="Source Files\gui\setamperescreen_screen">
      <UniqueIdentifier>F3BDF323-D6DE-07E4-8A12-637B7A5853CA</UniqueIdentifier>
    </Filter>
    <Filter Include="Header Files\gui\setamperescreen_screen">
      <UniqueIdentifier>D71DE2B1-8024-2D4B-B045-52A1B0A4FFAB</UniqueIdentifier>
    </Filter>
    <Filter Include="Source Files\gui\editcaliblowscreen_screen">
      <UniqueIdentifier>48FACC10-6B8D-618B-4068-DB752E128269</UniqueIdentifier>
    </Filter>
    <Filter Include="Source Files\gui\settimescreen_screen">
      <UniqueIdentifier>45F3A988-9C4B-6162-7582-729862961B40</UniqueIdentifier>
    </Filter>
    <Filter Include="Header Files\gui\editcalibhighscreen_screen">
      <UniqueIdentifier>8270DAB2-474E-255C-7C24-E94305C766BB</UniqueIdentifier>
    </Filter>
    <Filter Include="Source Files\generated\gui_generated\alarmconfigscreen_screen">
      <UniqueIdentifier>232C75F4-171B-7B49-004C-68C3C701B935</UniqueIdentifier>
    </Filter>
    <Filter Include="Header Files\generated\gui_generated\alarmconfigscreen_screen">
      <UniqueIdentifier>214E7D51-A391-3F78-F2B1-2962093B37F7</UniqueIdentifier>
    </Filter>
    <Filter Include="Source Files\generated\gui_generated\setamperescreen_screen">
      <UniqueIdentifier>F98BFBC9-E0A4-3D08-A26F-2BA5C49FE67E</UniqueIdentifier>
    </Filter>
    <Filter Include="Header Files\generated\gui_generated\runscreen_screen">
      <UniqueIdentifier>9B5496F7-376A-B0F2-F97B-C7EDD8EFD601</UniqueIdentifier>
    </Filter>
    <Filter Include="Source Files\generated\gui_generated\runscreen_screen">
      <UniqueIdentifier>ADDDE48F-284C-D4E8-F96A-925C02ED0858</UniqueIdentifier>
    </Filter>
    <Filter Include="Source Files\generated\gui_generated\calibratezeroscreen_screen">
      <UniqueIdentifier>4FF691C5-53EC-A606-1F0D-6163E7EBC926</UniqueIdentifier>
    </Filter>
    <Filter Include="Header Files\generated\gui_generated\requeststopscreen_screen">
      <UniqueIdentifier>A83CF5C5-F9E9-4A55-C5A6-10193B0D4AD2</UniqueIdentifier>
    </Filter>
    <Filter Include="Source Files\generated\gui_generated\requeststopscreen_screen">
      <UniqueIdentifier>AA6F9521-9F29-D510-7DD2-4645464CDE52</UniqueIdentifier>
    </Filter>
    <Filter Include="Header Files\generated\gui_generated\calibratezeroscreen_screen">
      <UniqueIdentifier>4F9E2479-484D-D47B-71C2-4935C6DADE8F</UniqueIdentifier>
    </Filter>
    <Filter Include="Source Files\generated\gui_generated\settimescreen_screen">
      <UniqueIdentifier>5933533F-49A3-E475-7063-7BF83F29CA67</UniqueIdentifier>
    </Filter>
    <Filter Include="Header Files\generated\gui_generated\containers">
      <UniqueIdentifier>A1D5C44A-D293-AF31-FE6D-1480E7832EA1</UniqueIdentifier>
    </Filter>
    <Filter Include="Source Files\generated\gui_generated\containers">
      <UniqueIdentifier>BF94C963-1BF5-7F37-1834-29F53888642F</UniqueIdentifier>
    </Filter>
    <Filter Include="Source Files\generated\gui_generated\startupscreen_screen">
      <UniqueIdentifier>ADBC8367-DF1F-A440-B350-1C39039671F0</UniqueIdentifier>
    </Filter>
    <Filter Include="Header Files\generated\gui_generated\settimescreen_screen">
      <UniqueIdentifier>E9CDD658-156C-7567-ACFC-3DE98283A78A</UniqueIdentifier>
    </Filter>
    <Filter Include="Source Files\generated\gui_generated\calibrationscreen_screen">
      <UniqueIdentifier>FCB776D4-E393-69C0-F232-851A2022CEDB</UniqueIdentifier>
    </Filter>
    <Filter Include="Header Files\generated\simulator\include">
      <UniqueIdentifier>67997AF9-0160-72B0-2466-6CBBE450D76C</UniqueIdentifier>
    </Filter>
    <Filter Include="Header Files\generated\gui_generated\mainscreen_screen">
      <UniqueIdentifier>073314C9-5343-A008-7564-06715CD8EDF0</UniqueIdentifier>
    </Filter>
    <Filter Include="Header Files\generated\gui_generated\common">
      <UniqueIdentifier>13DE76CD-DF5E-C5CE-645F-D8151509F94C</UniqueIdentifier>
    </Filter>
    <Filter Include="Source Files\generated\gui_generated\mainscreen_screen">
      <UniqueIdentifier>3F1DA0F7-1139-4308-0250-E2829D3A5FF0</UniqueIdentifier>
    </Filter>
    <Filter Include="Header Files\generated\gui_generated\calibrationscreen_screen">
      <UniqueIdentifier>49AC8B92-8330-3B43-E814-D2EBAC5A8C91</UniqueIdentifier>
    </Filter>
    <Filter Include="Header Files\generated\gui_generated\jobcompletescreen_screen">
      <UniqueIdentifier>1A90192B-9260-1BB4-7848-52FC74870AD7</UniqueIdentifier>
    </Filter>
    <Filter Include="Source Files\generated\simulator\video">
      <UniqueIdentifier>A4E179F2-A290-74F8-869F-E1541E80D04D</UniqueIdentifier>
    </Filter>
    <Filter Include="Source Files\generated\gui_generated\jobcompletescreen_screen">
      <UniqueIdentifier>BD2A2B1F-0F86-5B8B-DB0D-A0149B1C9EF6</UniqueIdentifier>
    </Filter>
    <Filter Include="Source Files\generated\gui_generated\configscreen_screen">
      <UniqueIdentifier>2EA15543-743E-9E95-4E52-AE19F6CBAAF5</UniqueIdentifier>
    </Filter>
    <Filter Include="Source Files\generated\gui_generated\common">
      <UniqueIdentifier>C195CB5C-B4F9-4E15-9C2D-A6D54FD1C55C</UniqueIdentifier>
    </Filter>
    <Filter Include="Header Files\generated\gui_generated\configscreen_screen">
      <UniqueIdentifier>B868E17A-15EB-8808-F801-1F61CC2664B1</UniqueIdentifier>
    </Filter>
    <Filter Include="Header Files\generated\gui_generated\fatalerrorscreen_screen">
      <UniqueIdentifier>CFB3628F-0091-381D-42E3-3DB913285BC1</UniqueIdentifier>
    </Filter>
    <Filter Include="Source Files\generated\gui_generated\fatalerrorscreen_screen">
      <UniqueIdentifier>D481141E-D036-BD6F-0BEC-CC5948F01C9C</UniqueIdentifier>
    </Filter>
    <Filter Include="Header Files\generated\gui_generated\editcalibvaluesscreen_screen">
      <UniqueIdentifier>7C4FDA0A-34DF-AE44-96F5-7A5794C02876</UniqueIdentifier>
    </Filter>
    <Filter Include="Source Files\generated\gui_generated\editcalibvaluesscreen_screen">
      <UniqueIdentifier>46B80611-2AA8-F45C-08C0-77E6AAB5D747</UniqueIdentifier>
    </Filter>
    <Filter Include="Header Files\generated\gui_generated\editcaliblowscreen_screen">
      <UniqueIdentifier>8CED7314-8876-0725-7C65-0C74A023342C</UniqueIdentifier>
    </Filter>
    <Filter Include="Source Files\generated\gui_generated\dummyscreen_screen">
      <UniqueIdentifier>EDDB0290-D3E3-E1CE-6346-8C183144659B</UniqueIdentifier>
    </Filter>
    <Filter Include="Source Files\generated\gui_generated\editcaliblowscreen_screen">
      <UniqueIdentifier>141C88AF-1644-C5F2-6AC1-65D4B6FEB0B5</UniqueIdentifier>
    </Filter>
    <Filter Include="Header Files\generated\gui_generated\dummyscreen_screen">
      <UniqueIdentifier>ABD83144-24FD-6F4E-09B6-DCA984E137C4</UniqueIdentifier>
    </Filter>
    <Filter Include="Header Files\generated\gui_generated\editcalibhighscreen_screen">
      <UniqueIdentifier>9F28CBC3-B903-2A71-E53A-295AFE475DA3</UniqueIdentifier>
    </Filter>
    <Filter Include="Source Files\generated\gui_generated\editcalibhighscreen_screen">
      <UniqueIdentifier>F523F8D3-ADEF-2E07-94A3-8E3BEB3C065D</UniqueIdentifier>
    </Filter>
    <Filter Include="Header Files\generated\gui_generated\setamperescreen_screen">
      <UniqueIdentifier>98C86827-94FD-4AC7-C6EE-7B47FA3819AC</UniqueIdentifier>
    </Filter>
    <Filter Include="Header Files\generated\gui_generated\startupscreen_screen">
      <UniqueIdentifier>8C73E612-8E8F-A0A3-5EE7-CEB4CA74B33F</UniqueIdentifier>
    </Filter>
    <Filter Include="Header Files\generated\simulator\include\simulator">
      <UniqueIdentifier>CB9C689B-4030-2642-14A1-FE9857EB1A72</UniqueIdentifier>
    </Filter>
    <Filter Include="Header Files\generated\simulator\include\simulator\video">
      <UniqueIdentifier>D8C728AF-3117-D70D-87CB-D842EEEB6EA2</UniqueIdentifier>
    </Filter>
    <Filter Include="Source Files\gui\switchpressureconfigscreen_screen">
      <UniqueIdentifier>F5AA9398-853A-79E1-9208-33DD478BA742</UniqueIdentifier>
    </Filter>
    <Filter Include="Header Files\gui\switchpressureconfigscreen_screen">
      <UniqueIdentifier>8BCA0D4A-283E-2EE6-2725-DBEC2A8038A5</UniqueIdentifier>
    </Filter>
    <Filter Include="Header Files\gui\behaviourconfigscreen_screen">
      <UniqueIdentifier>9E57AB68-6886-1F31-87F4-486EED6F47D2</UniqueIdentifier>
    </Filter>
    <Filter Include="Source Files\gui\behaviourconfigscreen_screen">
      <UniqueIdentifier>FA557626-E008-0C28-C527-AA5F00820773</UniqueIdentifier>
    </Filter>
    <Filter Include="Source Files\generated\gui_generated\behaviourconfigscreen_screen">
      <UniqueIdentifier>4702EBEB-6DE4-6323-EE19-9ADE3472EC49</UniqueIdentifier>
    </Filter>
    <Filter Include="Header Files\generated\gui_generated\behaviourconfigscreen_screen">
      <UniqueIdentifier>DD9FC4DB-6065-D831-49E6-D6EFB6018AF8</UniqueIdentifier>
    </Filter>
    <Filter Include="Source Files\generated\gui_generated\switchpressureconfigscreen_screen">
      <UniqueIdentifier>82F770E5-ECB2-AFFF-DEC8-60B02E056268</UniqueIdentifier>
    </Filter>
    <Filter Include="Header Files\generated\gui_generated\switchpressureconfigscreen_screen">
      <UniqueIdentifier>95BCF741-1610-6BB7-FB47-58F1218D0B9F</UniqueIdentifier>
    </Filter>
  </ItemGroup>
  <ItemGroup>
    <ClCompile Include="$(TouchGFXReleasePath)\framework\source\platform\driver\touch\SDL2TouchController.cpp">
      <Filter>Source Files\TouchGFX\platform\driver\touch</Filter>
    </ClCompile>
    <ClCompile Include="$(TouchGFXReleasePath)\framework\source\platform\hal\simulator\sdl2\HALSDL2.cpp">
      <Filter>Source Files\TouchGFX\platform\hal\simulator\sdl2</Filter>
    </ClCompile>
    <ClCompile Include="$(TouchGFXReleasePath)\framework\source\platform\hal\simulator\sdl2\HALSDL2_icon.cpp">
      <Filter>Source Files\TouchGFX\platform\hal\simulator\sdl2</Filter>
    </ClCompile>
    <ClCompile Include="$(TouchGFXReleasePath)\framework\source\platform\hal\simulator\sdl2\OSWrappers.cpp">
      <Filter>Source Files\TouchGFX\platform\hal\simulator\sdl2</Filter>
    </ClCompile>
    <ClCompile Include="$(ApplicationRoot)\simulator\main.cpp">
      <Filter>Source Files\simulator</Filter>
    </ClCompile>
    <ClCompile Include="$(ApplicationRoot)\generated\simulator\src\mainBase.cpp">
      <Filter>Source Files\generated\simulator</Filter>
    </ClCompile>
    <ClCompile Include="..\..\gui\src\alarmconfigscreen_screen\alarmConfigScreenPresenter.cpp">
      <Filter>Source Files\gui\alarmconfigscreen_screen</Filter>
    </ClCompile>
    <ClCompile Include="..\..\gui\src\alarmconfigscreen_screen\alarmConfigScreenView.cpp">
      <Filter>Source Files\gui\alarmconfigscreen_screen</Filter>
    </ClCompile>
    <ClCompile Include="..\..\generated\gui_generated\src\alarmconfigscreen_screen\alarmConfigScreenViewBase.cpp">
      <Filter>Source Files\generated\gui_generated\alarmconfigscreen_screen</Filter>
    </ClCompile>
    <ClCompile Include="..\..\gui\src\calibratezeroscreen_screen\calibrateZeroScreenPresenter.cpp">
      <Filter>Source Files\gui\calibratezeroscreen_screen</Filter>
    </ClCompile>
    <ClCompile Include="..\..\gui\src\calibratezeroscreen_screen\calibrateZeroScreenView.cpp">
      <Filter>Source Files\gui\calibratezeroscreen_screen</Filter>
    </ClCompile>
    <ClCompile Include="..\..\generated\gui_generated\src\calibratezeroscreen_screen\calibrateZeroScreenViewBase.cpp">
      <Filter>Source Files\generated\gui_generated\calibratezeroscreen_screen</Filter>
    </ClCompile>
    <ClCompile Include="..\..\gui\src\calibrationscreen_screen\calibrationScreenPresenter.cpp">
      <Filter>Source Files\gui\calibrationscreen_screen</Filter>
    </ClCompile>
    <ClCompile Include="..\..\gui\src\calibrationscreen_screen\calibrationScreenView.cpp">
      <Filter>Source Files\gui\calibrationscreen_screen</Filter>
    </ClCompile>
    <ClCompile Include="..\..\generated\gui_generated\src\calibrationscreen_screen\calibrationScreenViewBase.cpp">
      <Filter>Source Files\generated\gui_generated\calibrationscreen_screen</Filter>
    </ClCompile>
    <ClCompile Include="..\..\gui\src\configscreen_screen\configScreenPresenter.cpp">
      <Filter>Source Files\gui\configscreen_screen</Filter>
    </ClCompile>
    <ClCompile Include="..\..\gui\src\configscreen_screen\configScreenView.cpp">
      <Filter>Source Files\gui\configscreen_screen</Filter>
    </ClCompile>
    <ClCompile Include="..\..\generated\gui_generated\src\configscreen_screen\configScreenViewBase.cpp">
      <Filter>Source Files\generated\gui_generated\configscreen_screen</Filter>
    </ClCompile>
    <ClCompile Include="..\..\gui\src\dummyscreen_screen\dummyScreenPresenter.cpp">
      <Filter>Source Files\gui\dummyscreen_screen</Filter>
    </ClCompile>
    <ClCompile Include="..\..\gui\src\dummyscreen_screen\dummyScreenView.cpp">
      <Filter>Source Files\gui\dummyscreen_screen</Filter>
    </ClCompile>
    <ClCompile Include="..\..\generated\gui_generated\src\dummyscreen_screen\dummyScreenViewBase.cpp">
      <Filter>Source Files\generated\gui_generated\dummyscreen_screen</Filter>
    </ClCompile>
    <ClCompile Include="..\..\gui\src\editcalibhighscreen_screen\editCalibHighScreenPresenter.cpp">
      <Filter>Source Files\gui\editcalibhighscreen_screen</Filter>
    </ClCompile>
    <ClCompile Include="..\..\gui\src\editcalibhighscreen_screen\editCalibHighScreenView.cpp">
      <Filter>Source Files\gui\editcalibhighscreen_screen</Filter>
    </ClCompile>
    <ClCompile Include="..\..\generated\gui_generated\src\editcalibhighscreen_screen\editCalibHighScreenViewBase.cpp">
      <Filter>Source Files\generated\gui_generated\editcalibhighscreen_screen</Filter>
    </ClCompile>
    <ClCompile Include="..\..\gui\src\editcaliblowscreen_screen\editCalibLowScreenPresenter.cpp">
      <Filter>Source Files\gui\editcaliblowscreen_screen</Filter>
    </ClCompile>
    <ClCompile Include="..\..\gui\src\editcaliblowscreen_screen\editCalibLowScreenView.cpp">
      <Filter>Source Files\gui\editcaliblowscreen_screen</Filter>
    </ClCompile>
    <ClCompile Include="..\..\generated\gui_generated\src\editcaliblowscreen_screen\editCalibLowScreenViewBase.cpp">
      <Filter>Source Files\generated\gui_generated\editcaliblowscreen_screen</Filter>
    </ClCompile>
    <ClCompile Include="..\..\gui\src\editcalibvaluesscreen_screen\editCalibValuesScreenPresenter.cpp">
      <Filter>Source Files\gui\editcalibvaluesscreen_screen</Filter>
    </ClCompile>
    <ClCompile Include="..\..\gui\src\editcalibvaluesscreen_screen\editCalibValuesScreenView.cpp">
      <Filter>Source Files\gui\editcalibvaluesscreen_screen</Filter>
    </ClCompile>
    <ClCompile Include="..\..\generated\gui_generated\src\editcalibvaluesscreen_screen\editCalibValuesScreenViewBase.cpp">
      <Filter>Source Files\generated\gui_generated\editcalibvaluesscreen_screen</Filter>
    </ClCompile>
    <ClCompile Include="..\..\gui\src\fatalerrorscreen_screen\fatalErrorScreenPresenter.cpp">
      <Filter>Source Files\gui\fatalerrorscreen_screen</Filter>
    </ClCompile>
    <ClCompile Include="..\..\gui\src\fatalerrorscreen_screen\fatalErrorScreenView.cpp">
      <Filter>Source Files\gui\fatalerrorscreen_screen</Filter>
    </ClCompile>
    <ClCompile Include="..\..\generated\gui_generated\src\fatalerrorscreen_screen\fatalErrorScreenViewBase.cpp">
      <Filter>Source Files\generated\gui_generated\fatalerrorscreen_screen</Filter>
    </ClCompile>
    <ClCompile Include="..\..\gui\src\common\FrontendApplication.cpp">
      <Filter>Source Files\gui\common</Filter>
    </ClCompile>
    <ClCompile Include="..\..\generated\gui_generated\src\common\FrontendApplicationBase.cpp">
      <Filter>Source Files\generated\gui_generated\common</Filter>
    </ClCompile>
    <ClCompile Include="..\..\gui\src\jobcompletescreen_screen\jobCompleteScreenPresenter.cpp">
      <Filter>Source Files\gui\jobcompletescreen_screen</Filter>
    </ClCompile>
    <ClCompile Include="..\..\gui\src\jobcompletescreen_screen\jobCompleteScreenView.cpp">
      <Filter>Source Files\gui\jobcompletescreen_screen</Filter>
    </ClCompile>
    <ClCompile Include="..\..\generated\gui_generated\src\jobcompletescreen_screen\jobCompleteScreenViewBase.cpp">
      <Filter>Source Files\generated\gui_generated\jobcompletescreen_screen</Filter>
    </ClCompile>
    <ClCompile Include="..\..\gui\src\mainscreen_screen\mainScreenPresenter.cpp">
      <Filter>Source Files\gui\mainscreen_screen</Filter>
    </ClCompile>
    <ClCompile Include="..\..\gui\src\mainscreen_screen\mainScreenView.cpp">
      <Filter>Source Files\gui\mainscreen_screen</Filter>
    </ClCompile>
    <ClCompile Include="..\..\generated\gui_generated\src\mainscreen_screen\mainScreenViewBase.cpp">
      <Filter>Source Files\generated\gui_generated\mainscreen_screen</Filter>
    </ClCompile>
    <ClCompile Include="..\..\gui\src\model\Model.cpp">
      <Filter>Source Files\gui\model</Filter>
    </ClCompile>
    <ClCompile Include="..\..\gui\src\containers\numericKeyPad.cpp">
      <Filter>Source Files\gui\containers</Filter>
    </ClCompile>
    <ClCompile Include="..\..\generated\gui_generated\src\containers\numericKeyPadBase.cpp">
      <Filter>Source Files\generated\gui_generated\containers</Filter>
    </ClCompile>
    <ClCompile Include="..\..\gui\src\requeststopscreen_screen\requestStopScreenPresenter.cpp">
      <Filter>Source Files\gui\requeststopscreen_screen</Filter>
    </ClCompile>
    <ClCompile Include="..\..\gui\src\requeststopscreen_screen\requestStopScreenView.cpp">
      <Filter>Source Files\gui\requeststopscreen_screen</Filter>
    </ClCompile>
    <ClCompile Include="..\..\generated\gui_generated\src\requeststopscreen_screen\requestStopScreenViewBase.cpp">
      <Filter>Source Files\generated\gui_generated\requeststopscreen_screen</Filter>
    </ClCompile>
    <ClCompile Include="..\..\gui\src\runscreen_screen\runScreenPresenter.cpp">
      <Filter>Source Files\gui\runscreen_screen</Filter>
    </ClCompile>
    <ClCompile Include="..\..\gui\src\runscreen_screen\runScreenView.cpp">
      <Filter>Source Files\gui\runscreen_screen</Filter>
    </ClCompile>
    <ClCompile Include="..\..\generated\gui_generated\src\runscreen_screen\runScreenViewBase.cpp">
      <Filter>Source Files\generated\gui_generated\runscreen_screen</Filter>
    </ClCompile>
    <ClCompile Include="..\..\gui\src\setamperescreen_screen\setAmpereScreenPresenter.cpp">
      <Filter>Source Files\gui\setamperescreen_screen</Filter>
    </ClCompile>
    <ClCompile Include="..\..\gui\src\setamperescreen_screen\setAmpereScreenView.cpp">
      <Filter>Source Files\gui\setamperescreen_screen</Filter>
    </ClCompile>
    <ClCompile Include="..\..\generated\gui_generated\src\setamperescreen_screen\setAmpereScreenViewBase.cpp">
      <Filter>Source Files\generated\gui_generated\setamperescreen_screen</Filter>
    </ClCompile>
    <ClCompile Include="..\..\gui\src\settimescreen_screen\setTimeScreenPresenter.cpp">
      <Filter>Source Files\gui\settimescreen_screen</Filter>
    </ClCompile>
    <ClCompile Include="..\..\gui\src\settimescreen_screen\setTimeScreenView.cpp">
      <Filter>Source Files\gui\settimescreen_screen</Filter>
    </ClCompile>
    <ClCompile Include="..\..\generated\gui_generated\src\settimescreen_screen\setTimeScreenViewBase.cpp">
      <Filter>Source Files\generated\gui_generated\settimescreen_screen</Filter>
    </ClCompile>
    <ClCompile Include="..\..\generated\simulator\src\video\SoftwareMJPEGDecoder.cpp">
      <Filter>Source Files\generated\simulator\video</Filter>
    </ClCompile>
    <ClCompile Include="..\..\gui\src\startupscreen_screen\startupScreenPresenter.cpp">
      <Filter>Source Files\gui\startupscreen_screen</Filter>
    </ClCompile>
    <ClCompile Include="..\..\gui\src\startupscreen_screen\startupScreenView.cpp">
      <Filter>Source Files\gui\startupscreen_screen</Filter>
    </ClCompile>
    <ClCompile Include="..\..\generated\gui_generated\src\startupscreen_screen\startupScreenViewBase.cpp">
      <Filter>Source Files\generated\gui_generated\startupscreen_screen</Filter>
    </ClCompile>
    <ClCompile Include="..\..\gui\src\behaviourconfigscreen_screen\behaviourConfigScreenPresenter.cpp">
      <Filter>Source Files\gui\behaviourconfigscreen_screen</Filter>
    </ClCompile>
    <ClCompile Include="..\..\gui\src\behaviourconfigscreen_screen\behaviourConfigScreenView.cpp">
      <Filter>Source Files\gui\behaviourconfigscreen_screen</Filter>
    </ClCompile>
    <ClCompile Include="..\..\generated\gui_generated\src\behaviourconfigscreen_screen\behaviourConfigScreenViewBase.cpp">
      <Filter>Source Files\generated\gui_generated\behaviourconfigscreen_screen</Filter>
    </ClCompile>
    <ClCompile Include="..\..\gui\src\switchpressureconfigscreen_screen\switchPressureConfigScreenPresenter.cpp">
      <Filter>Source Files\gui\switchpressureconfigscreen_screen</Filter>
    </ClCompile>
    <ClCompile Include="..\..\gui\src\switchpressureconfigscreen_screen\switchPressureConfigScreenView.cpp">
      <Filter>Source Files\gui\switchpressureconfigscreen_screen</Filter>
    </ClCompile>
    <ClCompile Include="..\..\generated\gui_generated\src\switchpressureconfigscreen_screen\switchPressureConfigScreenViewBase.cpp">
      <Filter>Source Files\generated\gui_generated\switchpressureconfigscreen_screen</Filter>
    </ClCompile>
  </ItemGroup>
  <ItemGroup>
    <None Include="$(ApplicationRoot)\assets\texts\texts.xml">
      <Filter>Resource Files\assets\texts</Filter>
    </None>
    <None Include="$(ApplicationRoot)\config\msvs\Application.props">
      <Filter>Resource Files\config\msvs</Filter>
    </None>
  </ItemGroup>
  <ItemGroup>
    <ClInclude Include="$(TouchGFXReleasePath)\framework\include\common\AbstractPartition.hpp">
      <Filter>Header Files\TouchGFX\common</Filter>
    </ClInclude>
    <ClInclude Include="$(TouchGFXReleasePath)\framework\include\common\Meta.hpp">
      <Filter>Header Files\TouchGFX\common</Filter>
    </ClInclude>
    <ClInclude Include="$(TouchGFXReleasePath)\framework\include\common\Partition.hpp">
      <Filter>Header Files\TouchGFX\common</Filter>
    </ClInclude>
    <ClInclude Include="$(TouchGFXReleasePath)\framework\include\common\TouchGFXInit.hpp">
      <Filter>Header Files\TouchGFX\common</Filter>
    </ClInclude>
    <ClInclude Include="$(TouchGFXReleasePath)\framework\include\mvp\MVPApplication.hpp">
      <Filter>Header Files\TouchGFX\mvp</Filter>
    </ClInclude>
    <ClInclude Include="$(TouchGFXReleasePath)\framework\include\mvp\MVPHeap.hpp">
      <Filter>Header Files\TouchGFX\mvp</Filter>
    </ClInclude>
    <ClInclude Include="$(TouchGFXReleasePath)\framework\include\mvp\Presenter.hpp">
      <Filter>Header Files\TouchGFX\mvp</Filter>
    </ClInclude>
    <ClInclude Include="$(TouchGFXReleasePath)\framework\include\mvp\View.hpp">
      <Filter>Header Files\TouchGFX\mvp</Filter>
    </ClInclude>
    <ClInclude Include="$(TouchGFXReleasePath)\framework\include\platform\driver\lcd\LCD16bpp.hpp">
      <Filter>Header Files\TouchGFX\platform\driver\lcd</Filter>
    </ClInclude>
    <ClInclude Include="$(TouchGFXReleasePath)\framework\include\platform\driver\lcd\LCD1bpp.hpp">
      <Filter>Header Files\TouchGFX\platform\driver\lcd</Filter>
    </ClInclude>
    <ClInclude Include="$(TouchGFXReleasePath)\framework\include\platform\driver\lcd\LCD24bpp.hpp">
      <Filter>Header Files\TouchGFX\platform\driver\lcd</Filter>
    </ClInclude>
    <ClInclude Include="$(TouchGFXReleasePath)\framework\include\platform\driver\lcd\LCD2bpp.hpp">
      <Filter>Header Files\TouchGFX\platform\driver\lcd</Filter>
    </ClInclude>
    <ClInclude Include="$(TouchGFXReleasePath)\framework\include\platform\driver\lcd\LCD4bpp.hpp">
      <Filter>Header Files\TouchGFX\platform\driver\lcd</Filter>
    </ClInclude>
    <ClInclude Include="$(TouchGFXReleasePath)\framework\include\platform\driver\touch\SDL2TouchController.hpp">
      <Filter>Header Files\TouchGFX\platform\driver\touch</Filter>
    </ClInclude>
    <ClInclude Include="$(TouchGFXReleasePath)\framework\include\platform\hal\simulator\sdl2\HALSDL2.hpp">
      <Filter>Header Files\TouchGFX\platform\hal\simulator\sdl2</Filter>
    </ClInclude>
    <ClInclude Include="$(TouchGFXReleasePath)\framework\include\touchgfx\Application.hpp">
      <Filter>Header Files\TouchGFX\touchgfx</Filter>
    </ClInclude>
    <ClInclude Include="$(TouchGFXReleasePath)\framework\include\touchgfx\Bitmap.hpp">
      <Filter>Header Files\TouchGFX\touchgfx</Filter>
    </ClInclude>
    <ClInclude Include="$(TouchGFXReleasePath)\framework\include\touchgfx\Callback.hpp">
      <Filter>Header Files\TouchGFX\touchgfx</Filter>
    </ClInclude>
    <ClInclude Include="$(TouchGFXReleasePath)\framework\include\touchgfx\canvas_widget_renderer\CanvasWidgetRenderer.hpp">
      <Filter>Header Files\TouchGFX\touchgfx\canvas_widget_renderer</Filter>
    </ClInclude>
    <ClInclude Include="$(TouchGFXReleasePath)\framework\include\touchgfx\canvas_widget_renderer\Cell.hpp">
      <Filter>Header Files\TouchGFX\touchgfx\canvas_widget_renderer</Filter>
    </ClInclude>
    <ClInclude Include="$(TouchGFXReleasePath)\framework\include\touchgfx\canvas_widget_renderer\Outline.hpp">
      <Filter>Header Files\TouchGFX\touchgfx\canvas_widget_renderer</Filter>
    </ClInclude>
    <ClInclude Include="$(TouchGFXReleasePath)\framework\include\touchgfx\canvas_widget_renderer\Rasterizer.hpp">
      <Filter>Header Files\TouchGFX\touchgfx\canvas_widget_renderer</Filter>
    </ClInclude>
    <ClInclude Include="$(TouchGFXReleasePath)\framework\include\touchgfx\canvas_widget_renderer\Renderer.hpp">
      <Filter>Header Files\TouchGFX\touchgfx\canvas_widget_renderer</Filter>
    </ClInclude>
    <ClInclude Include="$(TouchGFXReleasePath)\framework\include\touchgfx\canvas_widget_renderer\RenderingBuffer.hpp">
      <Filter>Header Files\TouchGFX\touchgfx\canvas_widget_renderer</Filter>
    </ClInclude>
    <ClInclude Include="$(TouchGFXReleasePath)\framework\include\touchgfx\canvas_widget_renderer\RGBA8.hpp">
      <Filter>Header Files\TouchGFX\touchgfx\canvas_widget_renderer</Filter>
    </ClInclude>
    <ClInclude Include="$(TouchGFXReleasePath)\framework\include\touchgfx\canvas_widget_renderer\Scanline.hpp">
      <Filter>Header Files\TouchGFX\touchgfx\canvas_widget_renderer</Filter>
    </ClInclude>
    <ClInclude Include="$(TouchGFXReleasePath)\framework\include\touchgfx\Color.hpp">
      <Filter>Header Files\TouchGFX\touchgfx</Filter>
    </ClInclude>
    <ClInclude Include="$(TouchGFXReleasePath)\framework\include\touchgfx\ConstFont.hpp">
      <Filter>Header Files\TouchGFX\touchgfx</Filter>
    </ClInclude>
    <ClInclude Include="$(TouchGFXReleasePath)\framework\include\touchgfx\containers\clock\AbstractClock.hpp">
      <Filter>Header Files\TouchGFX\touchgfx\containers\clock</Filter>
    </ClInclude>
    <ClInclude Include="$(TouchGFXReleasePath)\framework\include\touchgfx\containers\clock\AnalogClock.hpp">
      <Filter>Header Files\TouchGFX\touchgfx\containers\clock</Filter>
    </ClInclude>
    <ClInclude Include="$(TouchGFXReleasePath)\framework\include\touchgfx\containers\clock\DigitalClock.hpp">
      <Filter>Header Files\TouchGFX\touchgfx\containers\clock</Filter>
    </ClInclude>
    <ClInclude Include="$(TouchGFXReleasePath)\framework\include\touchgfx\containers\Container.hpp">
      <Filter>Header Files\TouchGFX\touchgfx\containers</Filter>
    </ClInclude>
    <ClInclude Include="$(TouchGFXReleasePath)\framework\include\touchgfx\containers\ListLayout.hpp">
      <Filter>Header Files\TouchGFX\touchgfx\containers</Filter>
    </ClInclude>
    <ClInclude Include="$(TouchGFXReleasePath)\framework\include\touchgfx\containers\ModalWindow.hpp">
      <Filter>Header Files\TouchGFX\touchgfx\containers</Filter>
    </ClInclude>
    <ClInclude Include="$(TouchGFXReleasePath)\framework\include\touchgfx\containers\progress_indicators\AbstractDirectionProgress.hpp">
      <Filter>Header Files\TouchGFX\touchgfx\containers\progress_indicators</Filter>
    </ClInclude>
    <ClInclude Include="$(TouchGFXReleasePath)\framework\include\touchgfx\containers\progress_indicators\AbstractProgressIndicator.hpp">
      <Filter>Header Files\TouchGFX\touchgfx\containers\progress_indicators</Filter>
    </ClInclude>
    <ClInclude Include="$(TouchGFXReleasePath)\framework\include\touchgfx\containers\progress_indicators\BoxProgress.hpp">
      <Filter>Header Files\TouchGFX\touchgfx\containers\progress_indicators</Filter>
    </ClInclude>
    <ClInclude Include="$(TouchGFXReleasePath)\framework\include\touchgfx\containers\progress_indicators\CircleProgress.hpp">
      <Filter>Header Files\TouchGFX\touchgfx\containers\progress_indicators</Filter>
    </ClInclude>
    <ClInclude Include="$(TouchGFXReleasePath)\framework\include\touchgfx\containers\progress_indicators\ImageProgress.hpp">
      <Filter>Header Files\TouchGFX\touchgfx\containers\progress_indicators</Filter>
    </ClInclude>
    <ClInclude Include="$(TouchGFXReleasePath)\framework\include\touchgfx\containers\progress_indicators\LineProgress.hpp">
      <Filter>Header Files\TouchGFX\touchgfx\containers\progress_indicators</Filter>
    </ClInclude>
    <ClInclude Include="$(TouchGFXReleasePath)\framework\include\touchgfx\containers\progress_indicators\TextProgress.hpp">
      <Filter>Header Files\TouchGFX\touchgfx\containers\progress_indicators</Filter>
    </ClInclude>
    <ClInclude Include="$(TouchGFXReleasePath)\framework\include\touchgfx\containers\ScrollableContainer.hpp">
      <Filter>Header Files\TouchGFX\touchgfx\containers</Filter>
    </ClInclude>
    <ClInclude Include="$(TouchGFXReleasePath)\framework\include\touchgfx\containers\SlideMenu.hpp">
      <Filter>Header Files\TouchGFX\touchgfx\containers</Filter>
    </ClInclude>
    <ClInclude Include="$(TouchGFXReleasePath)\framework\include\touchgfx\containers\Slider.hpp">
      <Filter>Header Files\TouchGFX\touchgfx\containers</Filter>
    </ClInclude>
    <ClInclude Include="$(TouchGFXReleasePath)\framework\include\touchgfx\containers\ZoomAnimationImage.hpp">
      <Filter>Header Files\TouchGFX\touchgfx\containers</Filter>
    </ClInclude>
    <ClInclude Include="$(TouchGFXReleasePath)\framework\include\touchgfx\Drawable.hpp">
      <Filter>Header Files\TouchGFX\touchgfx</Filter>
    </ClInclude>
    <ClInclude Include="$(TouchGFXReleasePath)\framework\include\touchgfx\EasingEquations.hpp">
      <Filter>Header Files\TouchGFX\touchgfx</Filter>
    </ClInclude>
    <ClInclude Include="$(TouchGFXReleasePath)\framework\include\touchgfx\Event.hpp">
      <Filter>Header Files\TouchGFX\touchgfx</Filter>
    </ClInclude>
    <ClInclude Include="$(TouchGFXReleasePath)\framework\include\touchgfx\events\ClickEvent.hpp">
      <Filter>Header Files\TouchGFX\touchgfx\events</Filter>
    </ClInclude>
    <ClInclude Include="$(TouchGFXReleasePath)\framework\include\touchgfx\events\DragEvent.hpp">
      <Filter>Header Files\TouchGFX\touchgfx\events</Filter>
    </ClInclude>
    <ClInclude Include="$(TouchGFXReleasePath)\framework\include\touchgfx\events\GestureEvent.hpp">
      <Filter>Header Files\TouchGFX\touchgfx\events</Filter>
    </ClInclude>
    <ClInclude Include="$(TouchGFXReleasePath)\framework\include\touchgfx\Font.hpp">
      <Filter>Header Files\TouchGFX\touchgfx</Filter>
    </ClInclude>
    <ClInclude Include="$(TouchGFXReleasePath)\framework\include\touchgfx\FontManager.hpp">
      <Filter>Header Files\TouchGFX\touchgfx</Filter>
    </ClInclude>
    <ClInclude Include="$(TouchGFXReleasePath)\framework\include\touchgfx\hal\Atomic.hpp">
      <Filter>Header Files\TouchGFX\touchgfx\hal</Filter>
    </ClInclude>
    <ClInclude Include="$(TouchGFXReleasePath)\framework\include\touchgfx\hal\BlitOp.hpp">
      <Filter>Header Files\TouchGFX\touchgfx\hal</Filter>
    </ClInclude>
    <ClInclude Include="$(TouchGFXReleasePath)\framework\include\touchgfx\hal\BoardConfiguration.hpp">
      <Filter>Header Files\TouchGFX\touchgfx\hal</Filter>
    </ClInclude>
    <ClInclude Include="$(TouchGFXReleasePath)\framework\include\touchgfx\hal\Buttons.hpp">
      <Filter>Header Files\TouchGFX\touchgfx\hal</Filter>
    </ClInclude>
    <ClInclude Include="$(TouchGFXReleasePath)\framework\include\touchgfx\hal\Config.hpp">
      <Filter>Header Files\TouchGFX\touchgfx\hal</Filter>
    </ClInclude>
    <ClInclude Include="$(TouchGFXReleasePath)\framework\include\touchgfx\hal\DMA.hpp">
      <Filter>Header Files\TouchGFX\touchgfx\hal</Filter>
    </ClInclude>
    <ClInclude Include="$(TouchGFXReleasePath)\framework\include\touchgfx\hal\Gestures.hpp">
      <Filter>Header Files\TouchGFX\touchgfx\hal</Filter>
    </ClInclude>
    <ClInclude Include="$(TouchGFXReleasePath)\framework\include\touchgfx\hal\GPIO.hpp">
      <Filter>Header Files\TouchGFX\touchgfx\hal</Filter>
    </ClInclude>
    <ClInclude Include="$(TouchGFXReleasePath)\framework\include\touchgfx\hal\HAL.hpp">
      <Filter>Header Files\TouchGFX\touchgfx\hal</Filter>
    </ClInclude>
    <ClInclude Include="$(TouchGFXReleasePath)\framework\include\touchgfx\hal\LED.hpp">
      <Filter>Header Files\TouchGFX\touchgfx\hal</Filter>
    </ClInclude>
    <ClInclude Include="$(TouchGFXReleasePath)\framework\include\touchgfx\hal\NoDMA.hpp">
      <Filter>Header Files\TouchGFX\touchgfx\hal</Filter>
    </ClInclude>
    <ClInclude Include="$(TouchGFXReleasePath)\framework\include\touchgfx\hal\OSWrappers.hpp">
      <Filter>Header Files\TouchGFX\touchgfx\hal</Filter>
    </ClInclude>
    <ClInclude Include="$(TouchGFXReleasePath)\framework\include\touchgfx\hal\Types.hpp">
      <Filter>Header Files\TouchGFX\touchgfx\hal</Filter>
    </ClInclude>
    <ClInclude Include="$(TouchGFXReleasePath)\framework\include\touchgfx\InternalFlashFont.hpp">
      <Filter>Header Files\TouchGFX\touchgfx</Filter>
    </ClInclude>
    <ClInclude Include="$(TouchGFXReleasePath)\framework\include\touchgfx\JSMOCHelper.hpp">
      <Filter>Header Files\TouchGFX\touchgfx</Filter>
    </ClInclude>
    <ClInclude Include="$(TouchGFXReleasePath)\framework\include\touchgfx\lcd\LCD.hpp">
      <Filter>Header Files\TouchGFX\touchgfx\lcd</Filter>
    </ClInclude>
    <ClInclude Include="$(TouchGFXReleasePath)\framework\include\touchgfx\Math3D.hpp">
      <Filter>Header Files\TouchGFX\touchgfx</Filter>
    </ClInclude>
    <ClInclude Include="$(TouchGFXReleasePath)\framework\include\touchgfx\mixins\ClickListener.hpp">
      <Filter>Header Files\TouchGFX\touchgfx\mixins</Filter>
    </ClInclude>
    <ClInclude Include="$(TouchGFXReleasePath)\framework\include\touchgfx\mixins\Draggable.hpp">
      <Filter>Header Files\TouchGFX\touchgfx\mixins</Filter>
    </ClInclude>
    <ClInclude Include="$(TouchGFXReleasePath)\framework\include\touchgfx\mixins\FadeAnimator.hpp">
      <Filter>Header Files\TouchGFX\touchgfx\mixins</Filter>
    </ClInclude>
    <ClInclude Include="$(TouchGFXReleasePath)\framework\include\touchgfx\mixins\MoveAnimator.hpp">
      <Filter>Header Files\TouchGFX\touchgfx\mixins</Filter>
    </ClInclude>
    <ClInclude Include="$(TouchGFXReleasePath)\framework\include\touchgfx\mixins\PreRenderable.hpp">
      <Filter>Header Files\TouchGFX\touchgfx\mixins</Filter>
    </ClInclude>
    <ClInclude Include="$(TouchGFXReleasePath)\framework\include\touchgfx\mixins\Snapper.hpp">
      <Filter>Header Files\TouchGFX\touchgfx\mixins</Filter>
    </ClInclude>
    <ClInclude Include="$(TouchGFXReleasePath)\framework\include\touchgfx\Screen.hpp">
      <Filter>Header Files\TouchGFX\touchgfx</Filter>
    </ClInclude>
    <ClInclude Include="$(TouchGFXReleasePath)\framework\include\touchgfx\TextProvider.hpp">
      <Filter>Header Files\TouchGFX\touchgfx</Filter>
    </ClInclude>
    <ClInclude Include="$(TouchGFXReleasePath)\framework\include\touchgfx\Texts.hpp">
      <Filter>Header Files\TouchGFX\touchgfx</Filter>
    </ClInclude>
    <ClInclude Include="$(TouchGFXReleasePath)\framework\include\touchgfx\TextureMapTypes.hpp">
      <Filter>Header Files\TouchGFX\touchgfx</Filter>
    </ClInclude>
    <ClInclude Include="$(TouchGFXReleasePath)\framework\include\touchgfx\transforms\DisplayTransformation.hpp">
      <Filter>Header Files\TouchGFX\touchgfx\transforms</Filter>
    </ClInclude>
    <ClInclude Include="$(TouchGFXReleasePath)\framework\include\touchgfx\transforms\TouchCalibration.hpp">
      <Filter>Header Files\TouchGFX\touchgfx\transforms</Filter>
    </ClInclude>
    <ClInclude Include="$(TouchGFXReleasePath)\framework\include\touchgfx\transitions\NoTransition.hpp">
      <Filter>Header Files\TouchGFX\touchgfx\transitions</Filter>
    </ClInclude>
    <ClInclude Include="$(TouchGFXReleasePath)\framework\include\touchgfx\transitions\SlideTransition.hpp">
      <Filter>Header Files\TouchGFX\touchgfx\transitions</Filter>
    </ClInclude>
    <ClInclude Include="$(TouchGFXReleasePath)\framework\include\touchgfx\transitions\Transition.hpp">
      <Filter>Header Files\TouchGFX\touchgfx\transitions</Filter>
    </ClInclude>
    <ClInclude Include="$(TouchGFXReleasePath)\framework\include\touchgfx\TypedText.hpp">
      <Filter>Header Files\TouchGFX\touchgfx</Filter>
    </ClInclude>
    <ClInclude Include="$(TouchGFXReleasePath)\framework\include\touchgfx\UIEventListener.hpp">
      <Filter>Header Files\TouchGFX\touchgfx</Filter>
    </ClInclude>
    <ClInclude Include="$(TouchGFXReleasePath)\framework\include\touchgfx\Unicode.hpp">
      <Filter>Header Files\TouchGFX\touchgfx</Filter>
    </ClInclude>
    <ClInclude Include="$(TouchGFXReleasePath)\framework\include\touchgfx\Utils.hpp">
      <Filter>Header Files\TouchGFX\touchgfx</Filter>
    </ClInclude>
    <ClInclude Include="$(TouchGFXReleasePath)\framework\include\touchgfx\widgets\AbstractButton.hpp">
      <Filter>Header Files\TouchGFX\touchgfx\widgets</Filter>
    </ClInclude>
    <ClInclude Include="$(TouchGFXReleasePath)\framework\include\touchgfx\widgets\AnimatedImage.hpp">
      <Filter>Header Files\TouchGFX\touchgfx\widgets</Filter>
    </ClInclude>
    <ClInclude Include="$(TouchGFXReleasePath)\framework\include\touchgfx\widgets\AnimationTextureMapper.hpp">
      <Filter>Header Files\TouchGFX\touchgfx\widgets</Filter>
    </ClInclude>
    <ClInclude Include="$(TouchGFXReleasePath)\framework\include\touchgfx\widgets\Box.hpp">
      <Filter>Header Files\TouchGFX\touchgfx\widgets</Filter>
    </ClInclude>
    <ClInclude Include="$(TouchGFXReleasePath)\framework\include\touchgfx\widgets\Button.hpp">
      <Filter>Header Files\TouchGFX\touchgfx\widgets</Filter>
    </ClInclude>
    <ClInclude Include="$(TouchGFXReleasePath)\framework\include\touchgfx\widgets\ButtonWithIcon.hpp">
      <Filter>Header Files\TouchGFX\touchgfx\widgets</Filter>
    </ClInclude>
    <ClInclude Include="$(TouchGFXReleasePath)\framework\include\touchgfx\widgets\ButtonWithLabel.hpp">
      <Filter>Header Files\TouchGFX\touchgfx\widgets</Filter>
    </ClInclude>
    <ClInclude Include="$(TouchGFXReleasePath)\framework\include\touchgfx\widgets\canvas\AbstractPainter.hpp">
      <Filter>Header Files\TouchGFX\touchgfx\widgets\canvas</Filter>
    </ClInclude>
    <ClInclude Include="$(TouchGFXReleasePath)\framework\include\touchgfx\widgets\canvas\AbstractPainterBW.hpp">
      <Filter>Header Files\TouchGFX\touchgfx\widgets\canvas</Filter>
    </ClInclude>
    <ClInclude Include="$(TouchGFXReleasePath)\framework\include\touchgfx\widgets\canvas\AbstractPainterGRAY2.hpp">
      <Filter>Header Files\TouchGFX\touchgfx\widgets\canvas</Filter>
    </ClInclude>
    <ClInclude Include="$(TouchGFXReleasePath)\framework\include\touchgfx\widgets\canvas\AbstractPainterGRAY4.hpp">
      <Filter>Header Files\TouchGFX\touchgfx\widgets\canvas</Filter>
    </ClInclude>
    <ClInclude Include="$(TouchGFXReleasePath)\framework\include\touchgfx\widgets\canvas\AbstractPainterRGB565.hpp">
      <Filter>Header Files\TouchGFX\touchgfx\widgets\canvas</Filter>
    </ClInclude>
    <ClInclude Include="$(TouchGFXReleasePath)\framework\include\touchgfx\widgets\canvas\AbstractPainterRGB888.hpp">
      <Filter>Header Files\TouchGFX\touchgfx\widgets\canvas</Filter>
    </ClInclude>
    <ClInclude Include="$(TouchGFXReleasePath)\framework\include\touchgfx\widgets\canvas\AbstractShape.hpp">
      <Filter>Header Files\TouchGFX\touchgfx\widgets\canvas</Filter>
    </ClInclude>
    <ClInclude Include="$(TouchGFXReleasePath)\framework\include\touchgfx\widgets\canvas\Canvas.hpp">
      <Filter>Header Files\TouchGFX\touchgfx\widgets\canvas</Filter>
    </ClInclude>
    <ClInclude Include="$(TouchGFXReleasePath)\framework\include\touchgfx\widgets\canvas\CanvasWidget.hpp">
      <Filter>Header Files\TouchGFX\touchgfx\widgets\canvas</Filter>
    </ClInclude>
    <ClInclude Include="$(TouchGFXReleasePath)\framework\include\touchgfx\widgets\canvas\Circle.hpp">
      <Filter>Header Files\TouchGFX\touchgfx\widgets\canvas</Filter>
    </ClInclude>
    <ClInclude Include="$(TouchGFXReleasePath)\framework\include\touchgfx\widgets\canvas\CWRUtil.hpp">
      <Filter>Header Files\TouchGFX\touchgfx\widgets\canvas</Filter>
    </ClInclude>
    <ClInclude Include="$(TouchGFXReleasePath)\framework\include\touchgfx\widgets\canvas\Line.hpp">
      <Filter>Header Files\TouchGFX\touchgfx\widgets\canvas</Filter>
    </ClInclude>
    <ClInclude Include="$(TouchGFXReleasePath)\framework\include\touchgfx\widgets\canvas\PainterBW.hpp">
      <Filter>Header Files\TouchGFX\touchgfx\widgets\canvas</Filter>
    </ClInclude>
    <ClInclude Include="$(TouchGFXReleasePath)\framework\include\touchgfx\widgets\canvas\PainterGRAY2.hpp">
      <Filter>Header Files\TouchGFX\touchgfx\widgets\canvas</Filter>
    </ClInclude>
    <ClInclude Include="$(TouchGFXReleasePath)\framework\include\touchgfx\widgets\canvas\PainterGRAY2Bitmap.hpp">
      <Filter>Header Files\TouchGFX\touchgfx\widgets\canvas</Filter>
    </ClInclude>
    <ClInclude Include="$(TouchGFXReleasePath)\framework\include\touchgfx\widgets\canvas\PainterGRAY4.hpp">
      <Filter>Header Files\TouchGFX\touchgfx\widgets\canvas</Filter>
    </ClInclude>
    <ClInclude Include="$(TouchGFXReleasePath)\framework\include\touchgfx\widgets\canvas\PainterGRAY4Bitmap.hpp">
      <Filter>Header Files\TouchGFX\touchgfx\widgets\canvas</Filter>
    </ClInclude>
    <ClInclude Include="$(TouchGFXReleasePath)\framework\include\touchgfx\widgets\canvas\PainterRGB565.hpp">
      <Filter>Header Files\TouchGFX\touchgfx\widgets\canvas</Filter>
    </ClInclude>
    <ClInclude Include="$(TouchGFXReleasePath)\framework\include\touchgfx\widgets\canvas\PainterRGB565Bitmap.hpp">
      <Filter>Header Files\TouchGFX\touchgfx\widgets\canvas</Filter>
    </ClInclude>
    <ClInclude Include="$(TouchGFXReleasePath)\framework\include\touchgfx\widgets\canvas\PainterRGB888.hpp">
      <Filter>Header Files\TouchGFX\touchgfx\widgets\canvas</Filter>
    </ClInclude>
    <ClInclude Include="$(TouchGFXReleasePath)\framework\include\touchgfx\widgets\canvas\PainterRGB888Bitmap.hpp">
      <Filter>Header Files\TouchGFX\touchgfx\widgets\canvas</Filter>
    </ClInclude>
    <ClInclude Include="$(TouchGFXReleasePath)\framework\include\touchgfx\widgets\canvas\Shape.hpp">
      <Filter>Header Files\TouchGFX\touchgfx\widgets\canvas</Filter>
    </ClInclude>
    <ClInclude Include="$(TouchGFXReleasePath)\framework\include\touchgfx\widgets\Image.hpp">
      <Filter>Header Files\TouchGFX\touchgfx\widgets</Filter>
    </ClInclude>
    <ClInclude Include="$(TouchGFXReleasePath)\framework\include\touchgfx\widgets\Keyboard.hpp">
      <Filter>Header Files\TouchGFX\touchgfx\widgets</Filter>
    </ClInclude>
    <ClInclude Include="$(TouchGFXReleasePath)\framework\include\touchgfx\widgets\PixelDataWidget.hpp">
      <Filter>Header Files\TouchGFX\touchgfx\widgets</Filter>
    </ClInclude>
    <ClInclude Include="$(TouchGFXReleasePath)\framework\include\touchgfx\widgets\RadioButton.hpp">
      <Filter>Header Files\TouchGFX\touchgfx\widgets</Filter>
    </ClInclude>
    <ClInclude Include="$(TouchGFXReleasePath)\framework\include\touchgfx\widgets\RadioButtonGroup.hpp">
      <Filter>Header Files\TouchGFX\touchgfx\widgets</Filter>
    </ClInclude>
    <ClInclude Include="$(TouchGFXReleasePath)\framework\include\touchgfx\widgets\RepeatButton.hpp">
      <Filter>Header Files\TouchGFX\touchgfx\widgets</Filter>
    </ClInclude>
    <ClInclude Include="$(TouchGFXReleasePath)\framework\include\touchgfx\widgets\ScalableImage.hpp">
      <Filter>Header Files\TouchGFX\touchgfx\widgets</Filter>
    </ClInclude>
    <ClInclude Include="$(TouchGFXReleasePath)\framework\include\touchgfx\widgets\SnapshotWidget.hpp">
      <Filter>Header Files\TouchGFX\touchgfx\widgets</Filter>
    </ClInclude>
    <ClInclude Include="$(TouchGFXReleasePath)\framework\include\touchgfx\widgets\TextArea.hpp">
      <Filter>Header Files\TouchGFX\touchgfx\widgets</Filter>
    </ClInclude>
    <ClInclude Include="$(TouchGFXReleasePath)\framework\include\touchgfx\widgets\TextAreaWithWildcard.hpp">
      <Filter>Header Files\TouchGFX\touchgfx\widgets</Filter>
    </ClInclude>
    <ClInclude Include="$(TouchGFXReleasePath)\framework\include\touchgfx\widgets\TextureMapper.hpp">
      <Filter>Header Files\TouchGFX\touchgfx\widgets</Filter>
    </ClInclude>
    <ClInclude Include="$(TouchGFXReleasePath)\framework\include\touchgfx\widgets\TiledImage.hpp">
      <Filter>Header Files\TouchGFX\touchgfx\widgets</Filter>
    </ClInclude>
    <ClInclude Include="$(TouchGFXReleasePath)\framework\include\touchgfx\widgets\ToggleButton.hpp">
      <Filter>Header Files\TouchGFX\touchgfx\widgets</Filter>
    </ClInclude>
    <ClInclude Include="$(TouchGFXReleasePath)\framework\include\touchgfx\widgets\TouchArea.hpp">
      <Filter>Header Files\TouchGFX\touchgfx\widgets</Filter>
    </ClInclude>
    <ClInclude Include="$(TouchGFXReleasePath)\framework\include\touchgfx\widgets\Widget.hpp">
      <Filter>Header Files\TouchGFX\touchgfx\widgets</Filter>
    </ClInclude>
    <ClInclude Include="$(ApplicationRoot)\generated\simulator\include\simulator\mainBase.hpp">
      <Filter>Header Files\generated\simulator</Filter>
    </ClInclude>
    <ClInclude Include="..\..\gui\include\gui\alarmconfigscreen_screen\alarmConfigScreenPresenter.hpp">
      <Filter>Header Files\gui\alarmconfigscreen_screen</Filter>
    </ClInclude>
    <ClInclude Include="..\..\gui\include\gui\alarmconfigscreen_screen\alarmConfigScreenView.hpp">
      <Filter>Header Files\gui\alarmconfigscreen_screen</Filter>
    </ClInclude>
    <ClInclude Include="..\..\generated\gui_generated\include\gui_generated\alarmconfigscreen_screen\alarmConfigScreenViewBase.hpp">
      <Filter>Header Files\generated\gui_generated\alarmconfigscreen_screen</Filter>
    </ClInclude>
    <ClInclude Include="..\..\gui\include\gui\calibratezeroscreen_screen\calibrateZeroScreenPresenter.hpp">
      <Filter>Header Files\gui\calibratezeroscreen_screen</Filter>
    </ClInclude>
    <ClInclude Include="..\..\gui\include\gui\calibratezeroscreen_screen\calibrateZeroScreenView.hpp">
      <Filter>Header Files\gui\calibratezeroscreen_screen</Filter>
    </ClInclude>
    <ClInclude Include="..\..\generated\gui_generated\include\gui_generated\calibratezeroscreen_screen\calibrateZeroScreenViewBase.hpp">
      <Filter>Header Files\generated\gui_generated\calibratezeroscreen_screen</Filter>
    </ClInclude>
    <ClInclude Include="..\..\gui\include\gui\calibrationscreen_screen\calibrationScreenPresenter.hpp">
      <Filter>Header Files\gui\calibrationscreen_screen</Filter>
    </ClInclude>
    <ClInclude Include="..\..\gui\include\gui\calibrationscreen_screen\calibrationScreenView.hpp">
      <Filter>Header Files\gui\calibrationscreen_screen</Filter>
    </ClInclude>
    <ClInclude Include="..\..\generated\gui_generated\include\gui_generated\calibrationscreen_screen\calibrationScreenViewBase.hpp">
      <Filter>Header Files\generated\gui_generated\calibrationscreen_screen</Filter>
    </ClInclude>
    <ClInclude Include="..\..\gui\include\gui\configscreen_screen\configScreenPresenter.hpp">
      <Filter>Header Files\gui\configscreen_screen</Filter>
    </ClInclude>
    <ClInclude Include="..\..\gui\include\gui\configscreen_screen\configScreenView.hpp">
      <Filter>Header Files\gui\configscreen_screen</Filter>
    </ClInclude>
    <ClInclude Include="..\..\generated\gui_generated\include\gui_generated\configscreen_screen\configScreenViewBase.hpp">
      <Filter>Header Files\generated\gui_generated\configscreen_screen</Filter>
    </ClInclude>
    <ClInclude Include="..\..\generated\simulator\include\simulator\video\DirectFrameBufferVideoController.hpp">
      <Filter>Header Files\generated\simulator\include\simulator\video</Filter>
    </ClInclude>
    <ClInclude Include="..\..\gui\include\gui\dummyscreen_screen\dummyScreenPresenter.hpp">
      <Filter>Header Files\gui\dummyscreen_screen</Filter>
    </ClInclude>
    <ClInclude Include="..\..\gui\include\gui\dummyscreen_screen\dummyScreenView.hpp">
      <Filter>Header Files\gui\dummyscreen_screen</Filter>
    </ClInclude>
    <ClInclude Include="..\..\generated\gui_generated\include\gui_generated\dummyscreen_screen\dummyScreenViewBase.hpp">
      <Filter>Header Files\generated\gui_generated\dummyscreen_screen</Filter>
    </ClInclude>
    <ClInclude Include="..\..\gui\include\gui\editcalibhighscreen_screen\editCalibHighScreenPresenter.hpp">
      <Filter>Header Files\gui\editcalibhighscreen_screen</Filter>
    </ClInclude>
    <ClInclude Include="..\..\gui\include\gui\editcalibhighscreen_screen\editCalibHighScreenView.hpp">
      <Filter>Header Files\gui\editcalibhighscreen_screen</Filter>
    </ClInclude>
    <ClInclude Include="..\..\generated\gui_generated\include\gui_generated\editcalibhighscreen_screen\editCalibHighScreenViewBase.hpp">
      <Filter>Header Files\generated\gui_generated\editcalibhighscreen_screen</Filter>
    </ClInclude>
    <ClInclude Include="..\..\gui\include\gui\editcaliblowscreen_screen\editCalibLowScreenPresenter.hpp">
      <Filter>Header Files\gui\editcaliblowscreen_screen</Filter>
    </ClInclude>
    <ClInclude Include="..\..\gui\include\gui\editcaliblowscreen_screen\editCalibLowScreenView.hpp">
      <Filter>Header Files\gui\editcaliblowscreen_screen</Filter>
    </ClInclude>
    <ClInclude Include="..\..\generated\gui_generated\include\gui_generated\editcaliblowscreen_screen\editCalibLowScreenViewBase.hpp">
      <Filter>Header Files\generated\gui_generated\editcaliblowscreen_screen</Filter>
    </ClInclude>
    <ClInclude Include="..\..\gui\include\gui\editcalibvaluesscreen_screen\editCalibValuesScreenPresenter.hpp">
      <Filter>Header Files\gui\editcalibvaluesscreen_screen</Filter>
    </ClInclude>
    <ClInclude Include="..\..\gui\include\gui\editcalibvaluesscreen_screen\editCalibValuesScreenView.hpp">
      <Filter>Header Files\gui\editcalibvaluesscreen_screen</Filter>
    </ClInclude>
    <ClInclude Include="..\..\generated\gui_generated\include\gui_generated\editcalibvaluesscreen_screen\editCalibValuesScreenViewBase.hpp">
      <Filter>Header Files\generated\gui_generated\editcalibvaluesscreen_screen</Filter>
    </ClInclude>
    <ClInclude Include="..\..\gui\include\gui\fatalerrorscreen_screen\fatalErrorScreenPresenter.hpp">
      <Filter>Header Files\gui\fatalerrorscreen_screen</Filter>
    </ClInclude>
    <ClInclude Include="..\..\gui\include\gui\fatalerrorscreen_screen\fatalErrorScreenView.hpp">
      <Filter>Header Files\gui\fatalerrorscreen_screen</Filter>
    </ClInclude>
    <ClInclude Include="..\..\generated\gui_generated\include\gui_generated\fatalerrorscreen_screen\fatalErrorScreenViewBase.hpp">
      <Filter>Header Files\generated\gui_generated\fatalerrorscreen_screen</Filter>
    </ClInclude>
    <ClInclude Include="..\..\gui\include\gui\common\FrontendApplication.hpp">
      <Filter>Header Files\gui\common</Filter>
    </ClInclude>
    <ClInclude Include="..\..\generated\gui_generated\include\gui_generated\common\FrontendApplicationBase.hpp">
      <Filter>Header Files\generated\gui_generated\common</Filter>
    </ClInclude>
    <ClInclude Include="..\..\gui\include\gui\common\FrontendHeap.hpp">
      <Filter>Header Files\gui\common</Filter>
    </ClInclude>
    <ClInclude Include="..\..\generated\gui_generated\include\gui_generated\common\FrontendHeapBase.hpp">
      <Filter>Header Files\generated\gui_generated\common</Filter>
    </ClInclude>
    <ClInclude Include="..\..\gui\include\gui\jobcompletescreen_screen\jobCompleteScreenPresenter.hpp">
      <Filter>Header Files\gui\jobcompletescreen_screen</Filter>
    </ClInclude>
    <ClInclude Include="..\..\gui\include\gui\jobcompletescreen_screen\jobCompleteScreenView.hpp">
      <Filter>Header Files\gui\jobcompletescreen_screen</Filter>
    </ClInclude>
    <ClInclude Include="..\..\generated\gui_generated\include\gui_generated\jobcompletescreen_screen\jobCompleteScreenViewBase.hpp">
      <Filter>Header Files\generated\gui_generated\jobcompletescreen_screen</Filter>
    </ClInclude>
    <ClInclude Include="..\..\gui\include\gui\mainscreen_screen\mainScreenPresenter.hpp">
      <Filter>Header Files\gui\mainscreen_screen</Filter>
    </ClInclude>
    <ClInclude Include="..\..\gui\include\gui\mainscreen_screen\mainScreenView.hpp">
      <Filter>Header Files\gui\mainscreen_screen</Filter>
    </ClInclude>
    <ClInclude Include="..\..\generated\gui_generated\include\gui_generated\mainscreen_screen\mainScreenViewBase.hpp">
      <Filter>Header Files\generated\gui_generated\mainscreen_screen</Filter>
    </ClInclude>
    <ClInclude Include="..\..\generated\simulator\include\simulator\video\MJPEGDecoder.hpp">
      <Filter>Header Files\generated\simulator\include\simulator\video</Filter>
    </ClInclude>
    <ClInclude Include="..\..\gui\include\gui\model\Model.hpp">
      <Filter>Header Files\gui\model</Filter>
    </ClInclude>
    <ClInclude Include="..\..\gui\include\gui\model\ModelListener.hpp">
      <Filter>Header Files\gui\model</Filter>
    </ClInclude>
    <ClInclude Include="..\..\gui\include\gui\containers\numericKeyPad.hpp">
      <Filter>Header Files\gui\containers</Filter>
    </ClInclude>
    <ClInclude Include="..\..\generated\gui_generated\include\gui_generated\containers\numericKeyPadBase.hpp">
      <Filter>Header Files\generated\gui_generated\containers</Filter>
    </ClInclude>
    <ClInclude Include="..\..\gui\include\gui\requeststopscreen_screen\requestStopScreenPresenter.hpp">
      <Filter>Header Files\gui\requeststopscreen_screen</Filter>
    </ClInclude>
    <ClInclude Include="..\..\gui\include\gui\requeststopscreen_screen\requestStopScreenView.hpp">
      <Filter>Header Files\gui\requeststopscreen_screen</Filter>
    </ClInclude>
    <ClInclude Include="..\..\generated\gui_generated\include\gui_generated\requeststopscreen_screen\requestStopScreenViewBase.hpp">
      <Filter>Header Files\generated\gui_generated\requeststopscreen_screen</Filter>
    </ClInclude>
    <ClInclude Include="..\..\gui\include\gui\runscreen_screen\runScreenPresenter.hpp">
      <Filter>Header Files\gui\runscreen_screen</Filter>
    </ClInclude>
    <ClInclude Include="..\..\gui\include\gui\runscreen_screen\runScreenView.hpp">
      <Filter>Header Files\gui\runscreen_screen</Filter>
    </ClInclude>
    <ClInclude Include="..\..\generated\gui_generated\include\gui_generated\runscreen_screen\runScreenViewBase.hpp">
      <Filter>Header Files\generated\gui_generated\runscreen_screen</Filter>
    </ClInclude>
    <ClInclude Include="..\..\gui\include\gui\setamperescreen_screen\setAmpereScreenPresenter.hpp">
      <Filter>Header Files\gui\setamperescreen_screen</Filter>
    </ClInclude>
    <ClInclude Include="..\..\gui\include\gui\setamperescreen_screen\setAmpereScreenView.hpp">
      <Filter>Header Files\gui\setamperescreen_screen</Filter>
    </ClInclude>
    <ClInclude Include="..\..\generated\gui_generated\include\gui_generated\setamperescreen_screen\setAmpereScreenViewBase.hpp">
      <Filter>Header Files\generated\gui_generated\setamperescreen_screen</Filter>
    </ClInclude>
    <ClInclude Include="..\..\gui\include\gui\settimescreen_screen\setTimeScreenPresenter.hpp">
      <Filter>Header Files\gui\settimescreen_screen</Filter>
    </ClInclude>
    <ClInclude Include="..\..\gui\include\gui\settimescreen_screen\setTimeScreenView.hpp">
      <Filter>Header Files\gui\settimescreen_screen</Filter>
    </ClInclude>
    <ClInclude Include="..\..\generated\gui_generated\include\gui_generated\settimescreen_screen\setTimeScreenViewBase.hpp">
      <Filter>Header Files\generated\gui_generated\settimescreen_screen</Filter>
    </ClInclude>
    <ClInclude Include="..\..\generated\gui_generated\include\gui_generated\common\SimConstants.hpp">
      <Filter>Header Files\generated\gui_generated\common</Filter>
    </ClInclude>
    <ClInclude Include="..\..\generated\simulator\include\simulator\video\SoftwareMJPEGDecoder.hpp">
      <Filter>Header Files\generated\simulator\include\simulator\video</Filter>
    </ClInclude>
    <ClInclude Include="..\..\gui\include\gui\startupscreen_screen\startupScreenPresenter.hpp">
      <Filter>Header Files\gui\startupscreen_screen</Filter>
    </ClInclude>
    <ClInclude Include="..\..\gui\include\gui\startupscreen_screen\startupScreenView.hpp">
      <Filter>Header Files\gui\startupscreen_screen</Filter>
    </ClInclude>
    <ClInclude Include="..\..\generated\gui_generated\include\gui_generated\startupscreen_screen\startupScreenViewBase.hpp">
      <Filter>Header Files\generated\gui_generated\startupscreen_screen</Filter>
    </ClInclude>
    <ClInclude Include="..\..\gui\include\gui\behaviourconfigscreen_screen\behaviourConfigScreenPresenter.hpp">
      <Filter>Header Files\gui\behaviourconfigscreen_screen</Filter>
    </ClInclude>
    <ClInclude Include="..\..\gui\include\gui\behaviourconfigscreen_screen\behaviourConfigScreenView.hpp">
      <Filter>Header Files\gui\behaviourconfigscreen_screen</Filter>
    </ClInclude>
    <ClInclude Include="..\..\generated\gui_generated\include\gui_generated\behaviourconfigscreen_screen\behaviourConfigScreenViewBase.hpp">
      <Filter>Header Files\generated\gui_generated\behaviourconfigscreen_screen</Filter>
    </ClInclude>
    <ClInclude Include="..\..\gui\include\gui\switchpressureconfigscreen_screen\switchPressureConfigScreenPresenter.hpp">
      <Filter>Header Files\gui\switchpressureconfigscreen_screen</Filter>
    </ClInclude>
    <ClInclude Include="..\..\gui\include\gui\switchpressureconfigscreen_screen\switchPressureConfigScreenView.hpp">
      <Filter>Header Files\gui\switchpressureconfigscreen_screen</Filter>
    </ClInclude>
    <ClInclude Include="..\..\generated\gui_generated\include\gui_generated\switchpressureconfigscreen_screen\switchPressureConfigScreenViewBase.hpp">
      <Filter>Header Files\generated\gui_generated\switchpressureconfigscreen_screen</Filter>
    </ClInclude>
  </ItemGroup>
  <ItemGroup>
    <ResourceCompile Include="$(ApplicationRoot)\generated\simulator\touchgfx.rc">
      <Filter>Resource Files</Filter>
    </ResourceCompile>
  </ItemGroup>
</Project>
