<?xml version="1.0" encoding="utf-8"?>
<Project xmlns="http://schemas.microsoft.com/developer/msbuild/2003" ToolsVersion="4.0">
  <ItemGroup>
    <Filter Include="Header Files">
      <UniqueIdentifier>{4D1BFFCC-9CEB-4ABF-A951-582870FE71FD}</UniqueIdentifier>
      <Extensions>h;hpp;hxx;hm;inl;inc;xsd</Extensions>
    </Filter>
    <Filter Include="Header Files\TouchGFX">
      <UniqueIdentifier>{29C60541-803D-4F43-8683-028D9DA5E0CB}</UniqueIdentifier>
    </Filter>
    <Filter Include="Header Files\TouchGFX\common">
      <UniqueIdentifier>{AF2BF67C-89EC-4545-B0D2-5BD6803628D4}</UniqueIdentifier>
    </Filter>
    <Filter Include="Header Files\TouchGFX\mvp">
      <UniqueIdentifier>{A8F51E02-A400-49F1-AC86-371872A7E5E6}</UniqueIdentifier>
    </Filter>
    <Filter Include="Header Files\TouchGFX\platform">
      <UniqueIdentifier>{493CF637-721C-4516-8638-3EE4790FB455}</UniqueIdentifier>
    </Filter>
    <Filter Include="Header Files\TouchGFX\touchgfx">
      <UniqueIdentifier>{7187028B-6482-4EB3-8556-EECD38E0636B}</UniqueIdentifier>
    </Filter>
    <Filter Include="Header Files\TouchGFX\platform\driver">
      <UniqueIdentifier>{D2E6B448-6B79-434F-A8EB-C8F8415957E9}</UniqueIdentifier>
    </Filter>
    <Filter Include="Header Files\TouchGFX\platform\hal">
      <UniqueIdentifier>{07737357-9365-4A8F-B2F6-908B5FC4E808}</UniqueIdentifier>
    </Filter>
    <Filter Include="Header Files\TouchGFX\touchgfx\canvas_widget_renderer">
      <UniqueIdentifier>{085B248B-6BE1-4BF8-9913-35526BAEE4C7}</UniqueIdentifier>
    </Filter>
    <Filter Include="Header Files\TouchGFX\touchgfx\containers">
      <UniqueIdentifier>{E08C6B18-2F0E-4861-87D5-80FB0411017E}</UniqueIdentifier>
    </Filter>
    <Filter Include="Header Files\TouchGFX\touchgfx\events">
      <UniqueIdentifier>{29D72404-E5CB-472C-B00F-3784DF3CCD1E}</UniqueIdentifier>
    </Filter>
    <Filter Include="Header Files\TouchGFX\touchgfx\hal">
      <UniqueIdentifier>{09561B72-532B-45EB-8E32-CAA31C349F83}</UniqueIdentifier>
    </Filter>
    <Filter Include="Header Files\TouchGFX\touchgfx\lcd">
      <UniqueIdentifier>{A89B6308-CBC1-48EC-BF14-B3C6106FACCE}</UniqueIdentifier>
    </Filter>
    <Filter Include="Header Files\TouchGFX\touchgfx\mixins">
      <UniqueIdentifier>{DB82A963-BE52-4494-BD5E-358C5E79C081}</UniqueIdentifier>
    </Filter>
    <Filter Include="Header Files\TouchGFX\touchgfx\transforms">
      <UniqueIdentifier>{509E01BB-FBF4-4198-B748-936C1B67839A}</UniqueIdentifier>
    </Filter>
    <Filter Include="Header Files\TouchGFX\touchgfx\transitions">
      <UniqueIdentifier>{3F023E56-225A-4D4C-9D20-74447A23BAD9}</UniqueIdentifier>
    </Filter>
    <Filter Include="Header Files\TouchGFX\touchgfx\widgets">
      <UniqueIdentifier>{0E9A8FD3-B71B-46B9-B1F6-3A18292FFAC4}</UniqueIdentifier>
    </Filter>
    <Filter Include="Header Files\TouchGFX\platform\driver\lcd">
      <UniqueIdentifier>{9B32A742-EBA9-4EBA-832E-0421D7E68BC5}</UniqueIdentifier>
    </Filter>
    <Filter Include="Header Files\TouchGFX\platform\driver\touch">
      <UniqueIdentifier>{8C31441B-2191-4B32-869D-7B253AECB28F}</UniqueIdentifier>
    </Filter>
    <Filter Include="Header Files\TouchGFX\platform\hal\simulator">
      <UniqueIdentifier>{464CC9FB-AFF6-4FFA-B4D8-BCAC4B2B8898}</UniqueIdentifier>
    </Filter>
    <Filter Include="Header Files\TouchGFX\touchgfx\containers\clock">
      <UniqueIdentifier>{B7237C13-DD69-4F78-8446-9A554431E3F8}</UniqueIdentifier>
    </Filter>
    <Filter Include="Header Files\TouchGFX\touchgfx\containers\progress_indicators">
      <UniqueIdentifier>{5E0E884F-0059-4306-94BA-3197219750E3}</UniqueIdentifier>
    </Filter>
    <Filter Include="Header Files\TouchGFX\touchgfx\widgets\canvas">
      <UniqueIdentifier>{DBFF640A-BD63-40BC-A0A5-2468BC461037}</UniqueIdentifier>
    </Filter>
    <Filter Include="Header Files\TouchGFX\platform\hal\simulator\sdl2">
      <UniqueIdentifier>{EA3962C0-553C-4CFD-A89B-A116A9493818}</UniqueIdentifier>
    </Filter>
    <Filter Include="Header Files\generated">
      <UniqueIdentifier>{29C60541-803D-4F44-8783-028D9DA5E0CC}</UniqueIdentifier>
    </Filter>
    <Filter Include="Header Files\generated\simulator">
      <UniqueIdentifier>{29C60541-803D-4F43-8683-028D9DA5E0CC}</UniqueIdentifier>
    </Filter>
    <Filter Include="Resource Files">
      <UniqueIdentifier>{92BBFF14-FBDB-4755-BA47-A830D863D92B}</UniqueIdentifier>
      <Extensions>rc;ico;cur;bmp;dlg;rc2;rct;bin;rgs;gif;jpg;jpeg;jpe;resx;tiff;tif;ttf;otf;bdf;png;wav;xml;props;mfcribbon-ms</Extensions>
    </Filter>
    <Filter Include="Resource Files\assets">
      <UniqueIdentifier>{AF899B0F-78BE-47F9-A912-E92CB9156E40}</UniqueIdentifier>
    </Filter>
    <Filter Include="Resource Files\config">
      <UniqueIdentifier>{29E8A9F8-6504-4625-AB47-671A3F665E51}</UniqueIdentifier>
    </Filter>
    <Filter Include="Resource Files\assets\texts">
      <UniqueIdentifier>{382278FD-2B19-4E89-AE4F-24AF77E7A270}</UniqueIdentifier>
    </Filter>
    <Filter Include="Resource Files\config\msvs">
      <UniqueIdentifier>{C24EAEDB-9A3F-43DC-87FB-C7AC2729A078}</UniqueIdentifier>
    </Filter>
    <Filter Include="Source Files">
      <UniqueIdentifier>{2F3FC0AA-97C4-4366-9939-94A0FF4E028C}</UniqueIdentifier>
      <Extensions>cpp;c;cc;cxx;def;odl;idl;hpj;bat;asm;asmx</Extensions>
    </Filter>
    <Filter Include="Source Files\TouchGFX">
      <UniqueIdentifier>{C07B02A9-A55E-47AA-AD61-59A6AAD754E6}</UniqueIdentifier>
    </Filter>
    <Filter Include="Source Files\TouchGFX\platform">
      <UniqueIdentifier>{33EDC2DB-AF72-480C-92E5-2A2833BCAB6F}</UniqueIdentifier>
    </Filter>
    <Filter Include="Source Files\TouchGFX\platform\driver">
      <UniqueIdentifier>{1D8EFD90-430A-4539-9080-16A38861D20A}</UniqueIdentifier>
    </Filter>
    <Filter Include="Source Files\TouchGFX\platform\hal">
      <UniqueIdentifier>{E8DECBF2-0C8E-4397-8603-3101D6F922D6}</UniqueIdentifier>
    </Filter>
    <Filter Include="Source Files\TouchGFX\platform\driver\touch">
      <UniqueIdentifier>{40F0D55D-79D9-488A-AF83-ADC96179EADF}</UniqueIdentifier>
    </Filter>
    <Filter Include="Source Files\TouchGFX\platform\hal\simulator">
      <UniqueIdentifier>{3FB50DD5-31DA-4042-B7FD-2151C58CDA80}</UniqueIdentifier>
    </Filter>
    <Filter Include="Source Files\TouchGFX\platform\hal\simulator\sdl2">
      <UniqueIdentifier>{B48CB42B-0F9E-4815-BFE1-1ACC1150ED8A}</UniqueIdentifier>
    </Filter>
    <Filter Include="Source Files\simulator">
      <UniqueIdentifier>{C07B03A9-A55E-47AA-AD61-59A6AAD754E6}</UniqueIdentifier>
    </Filter>
    <Filter Include="Source Files\generated">
      <UniqueIdentifier>{C07B02B9-A55E-47AB-AD61-59A6AAD754E6}</UniqueIdentifier>
    </Filter>
    <Filter Include="Source Files\generated\simulator">
      <UniqueIdentifier>{C07B02B9-A55E-47AA-AD61-59A6AAD754E6}</UniqueIdentifier>
    </Filter>
    <Filter Include="Header Files\gui">
      <UniqueIdentifier>DE62B4A2-59C3-D26E-1A4A-BD723E23CC6F</UniqueIdentifier>
    </Filter>
    <Filter Include="Source Files\gui">
      <UniqueIdentifier>8323A779-5DCC-01D2-9CC7-7918733259EC</UniqueIdentifier>
    </Filter>
    <Filter Include="Header Files\gui\model">
      <UniqueIdentifier>4FE30E71-CB93-0BBD-BACC-96C6D12FFCDF</UniqueIdentifier>
    </Filter>
    <Filter Include="Source Files\gui\model">
      <UniqueIdentifier>9584A9E4-54F1-733B-96B5-9C701A85F6CF</UniqueIdentifier>
    </Filter>
    <Filter Include="Header Files\generated\gui_generated">
      <UniqueIdentifier>20E557AB-D041-F3E9-9118-2C6B71884E29</UniqueIdentifier>
    </Filter>
    <Filter Include="Header Files\gui\common">
      <UniqueIdentifier>2431FDB3-FBDD-7031-92C9-61B66A3FF3EE</UniqueIdentifier>
    </Filter>
    <Filter Include="Source Files\generated\gui_generated">
      <UniqueIdentifier>95DC46AF-2EBB-4AD5-9130-E820365A7A14</UniqueIdentifier>
    </Filter>
    <Filter Include="Source Files\gui\common">
      <UniqueIdentifier>BAAB6FEB-8CB0-80F3-52A7-3649DD783C26</UniqueIdentifier>
    </Filter>
    <Filter Include="Header Files\generated\simulator\include">
      <UniqueIdentifier>0417E64C-C733-964F-10BB-774CAE99F3AD</UniqueIdentifier>
    </Filter>
    <Filter Include="Header Files\generated\gui_generated\common">
      <UniqueIdentifier>6CD39F4E-60D5-6F18-5D66-4FCBD9C9AE92</UniqueIdentifier>
    </Filter>
    <Filter Include="Source Files\generated\gui_generated\common">
      <UniqueIdentifier>B1D9F98F-5112-2618-B3D4-926D8E8F5305</UniqueIdentifier>
    </Filter>
    <Filter Include="Source Files\generated\simulator\video">
      <UniqueIdentifier>06F675DE-AE26-85C5-2A06-FA6A85FB058E</UniqueIdentifier>
    </Filter>
    <Filter Include="Header Files\generated\simulator\include\simulator">
      <UniqueIdentifier>ABB40BA4-E607-C7FC-43C0-C11E2DD772AB</UniqueIdentifier>
    </Filter>
    <Filter Include="Header Files\generated\simulator\include\simulator\video">
      <UniqueIdentifier>F69570A5-551A-D5DE-A577-CCADA767AA5C</UniqueIdentifier>
    </Filter>
    <Filter Include="Source Files\gui\mainscreen_screen">
      <UniqueIdentifier>9E480D8E-BA03-1C92-4763-5C120AC597EB</UniqueIdentifier>
    </Filter>
    <Filter Include="Header Files\gui\calibrationscreen_screen">
      <UniqueIdentifier>9CEC1190-4D9A-A260-69ED-CB57AE941953</UniqueIdentifier>
    </Filter>
    <Filter Include="Header Files\gui\startupscreen_screen">
      <UniqueIdentifier>BCF00110-1743-D01D-30AA-324D43AB5B21</UniqueIdentifier>
    </Filter>
    <Filter Include="Header Files\gui\mainscreen_screen">
      <UniqueIdentifier>D4389F4C-2436-C975-86A4-2F48B2105799</UniqueIdentifier>
    </Filter>
    <Filter Include="Source Files\gui\calibrationscreen_screen">
      <UniqueIdentifier>16171D3C-C4DC-A2B2-29BC-71EE3917AEA0</UniqueIdentifier>
    </Filter>
    <Filter Include="Source Files\gui\alarmconfigscreen_screen">
      <UniqueIdentifier>A4183C8F-3860-4E29-A3CD-DD4AAA28FC86</UniqueIdentifier>
    </Filter>
    <Filter Include="Header Files\gui\jobcompletescreen_screen">
      <UniqueIdentifier>F2D2B915-9A8E-CE23-A05E-83F2942A0093</UniqueIdentifier>
    </Filter>
    <Filter Include="Source Files\gui\jobcompletescreen_screen">
      <UniqueIdentifier>004E459C-0E91-732A-D0B0-070512F69EAF</UniqueIdentifier>
    </Filter>
    <Filter Include="Source Files\gui\startupscreen_screen">
      <UniqueIdentifier>7C149EC0-53E9-517F-22D7-3F168F246C51</UniqueIdentifier>
    </Filter>
    <Filter Include="Source Files\gui\configscreen_screen">
      <UniqueIdentifier>40546679-DC5F-7D27-6CBA-9577063241C5</UniqueIdentifier>
    </Filter>
    <Filter Include="Header Files\gui\alarmconfigscreen_screen">
      <UniqueIdentifier>FC2BF720-AEB1-318F-C6C3-53B8A97FE763</UniqueIdentifier>
    </Filter>
    <Filter Include="Header Files\gui\configscreen_screen">
      <UniqueIdentifier>FA4F4B72-B9A3-819C-C319-B86E13CFCA96</UniqueIdentifier>
    </Filter>
    <Filter Include="Source Files\gui\containers">
      <UniqueIdentifier>8E1FC693-FD1B-7586-8077-B6EDAB4D71ED</UniqueIdentifier>
    </Filter>
    <Filter Include="Header Files\gui\containers">
      <UniqueIdentifier>28D53681-8896-430C-7BC0-FE01EEC9AE3F</UniqueIdentifier>
    </Filter>
    <Filter Include="Source Files\gui\requeststopscreen_screen">
      <UniqueIdentifier>A84B40E0-7759-46F0-1A6D-C592C2C2E370</UniqueIdentifier>
    </Filter>
    <Filter Include="Header Files\gui\calibratezeroscreen_screen">
      <UniqueIdentifier>E8501173-2AB3-5181-5765-DE1467ED05D6</UniqueIdentifier>
    </Filter>
    <Filter Include="Header Files\gui\requeststopscreen_screen">
      <UniqueIdentifier>867F9DB3-D97A-5B67-8378-8DEEE2E0DFF2</UniqueIdentifier>
    </Filter>
    <Filter Include="Source Files\gui\switchpressureconfigscreen_screen">
      <UniqueIdentifier>1D13B709-2A7C-5882-96F3-592BD2355DDA</UniqueIdentifier>
    </Filter>
    <Filter Include="Source Files\gui\calibratezeroscreen_screen">
      <UniqueIdentifier>C70A99C9-9F1B-DEB7-785B-28857374829D</UniqueIdentifier>
    </Filter>
    <Filter Include="Header Files\gui\fatalerrorscreen_screen">
      <UniqueIdentifier>BF99DE9B-6039-35C8-C44B-BE71F98EECE6</UniqueIdentifier>
    </Filter>
    <Filter Include="Source Files\gui\fatalerrorscreen_screen">
      <UniqueIdentifier>9988533C-29B4-DC28-9910-D733E47D08F7</UniqueIdentifier>
    </Filter>
    <Filter Include="Source Files\gui\runscreen_screen">
      <UniqueIdentifier>7BCB6E80-8E37-365A-95D4-EB9D6FCCD3D4</UniqueIdentifier>
    </Filter>
    <Filter Include="Header Files\gui\switchpressureconfigscreen_screen">
      <UniqueIdentifier>6DD1E8C4-6423-BCE0-B26B-B600C93E964A</UniqueIdentifier>
    </Filter>
    <Filter Include="Header Files\gui\runscreen_screen">
      <UniqueIdentifier>AF3DDCC7-E694-CCA5-C628-F426536683F2</UniqueIdentifier>
    </Filter>
    <Filter Include="Header Files\gui\editcalibvaluesscreen_screen">
      <UniqueIdentifier>606D974A-3C14-5A73-9624-3720B2173326</UniqueIdentifier>
    </Filter>
    <Filter Include="Source Files\gui\editcalibvaluesscreen_screen">
      <UniqueIdentifier>60B46947-80BB-0532-722A-84D091AB2120</UniqueIdentifier>
    </Filter>
    <Filter Include="Source Files\gui\dummyscreen_screen">
      <UniqueIdentifier>0B72BBE9-9250-06C1-4A7A-7A752822F174</UniqueIdentifier>
    </Filter>
    <Filter Include="Source Files\gui\setamperescreen_screen">
      <UniqueIdentifier>DC45831E-0F6F-27DA-65E8-5DAF3C656546</UniqueIdentifier>
    </Filter>
    <Filter Include="Header Files\gui\setamperescreen_screen">
      <UniqueIdentifier>8BBB6EF3-748B-7C96-B6F7-FA53F97377F6</UniqueIdentifier>
    </Filter>
    <Filter Include="Header Files\gui\behaviourconfigscreen_screen">
      <UniqueIdentifier>7A1FDA12-E0E9-5629-41DA-4993C40F3EAA</UniqueIdentifier>
    </Filter>
    <Filter Include="Header Files\gui\dummyscreen_screen">
      <UniqueIdentifier>1307F51C-8A08-3579-1C82-AADD69CF2FC1</UniqueIdentifier>
    </Filter>
    <Filter Include="Header Files\gui\editcaliblowscreen_screen">
      <UniqueIdentifier>CF59B5B1-89BE-A8CF-FFDD-DFAFE96012A8</UniqueIdentifier>
    </Filter>
    <Filter Include="Source Files\gui\editcaliblowscreen_screen">
      <UniqueIdentifier>F5E90210-24FB-05E1-E285-EEA599DDB824</UniqueIdentifier>
    </Filter>
    <Filter Include="Source Files\gui\behaviourconfigscreen_screen">
      <UniqueIdentifier>12C105CC-7C37-A3DC-2A79-DF178B8598D6</UniqueIdentifier>
    </Filter>
    <Filter Include="Source Files\gui\settimescreen_screen">
      <UniqueIdentifier>A00C0E01-429D-4530-522A-4E03F7BD4B3E</UniqueIdentifier>
    </Filter>
    <Filter Include="Header Files\gui\settimescreen_screen">
      <UniqueIdentifier>96D6F9A8-1F98-FFFF-D772-AF3EE2F645B3</UniqueIdentifier>
    </Filter>
    <Filter Include="Header Files\gui\editcalibhighscreen_screen">
      <UniqueIdentifier>4407F350-93C7-BEE9-6008-E200EF0D8935</UniqueIdentifier>
    </Filter>
    <Filter Include="Source Files\gui\editcalibhighscreen_screen">
      <UniqueIdentifier>1643EF25-C9E6-FD1C-31A8-70AE40C16069</UniqueIdentifier>
    </Filter>
    <Filter Include="Header Files\generated\gui_generated\settimescreen_screen">
      <UniqueIdentifier>A961F300-5CA7-8030-8F1D-1D1070ED73BF</UniqueIdentifier>
    </Filter>
    <Filter Include="Header Files\generated\gui_generated\alarmconfigscreen_screen">
      <UniqueIdentifier>B60532C8-5D4D-9C96-3537-BA25E80D8C1B</UniqueIdentifier>
    </Filter>
    <Filter Include="Source Files\generated\gui_generated\settimescreen_screen">
      <UniqueIdentifier>DA126774-34C0-CFAA-4CD2-550D0C86DE5D</UniqueIdentifier>
    </Filter>
    <Filter Include="Header Files\generated\gui_generated\setamperescreen_screen">
      <UniqueIdentifier>261866FB-A91C-F49A-B86C-036C6856092B</UniqueIdentifier>
    </Filter>
    <Filter Include="Source Files\generated\gui_generated\alarmconfigscreen_screen">
      <UniqueIdentifier>1B40C80B-CD08-CAB2-68B6-CF6A94AD5D34</UniqueIdentifier>
    </Filter>
    <Filter Include="Source Files\generated\gui_generated\setamperescreen_screen">
      <UniqueIdentifier>2A4863D2-DF6E-9135-6150-5DF7582A30E5</UniqueIdentifier>
    </Filter>
    <Filter Include="Source Files\generated\gui_generated\behaviourconfigscreen_screen">
      <UniqueIdentifier>0ABD08BB-3ED4-169E-93E5-CC873B0B4040</UniqueIdentifier>
    </Filter>
    <Filter Include="Header Files\generated\gui_generated\runscreen_screen">
      <UniqueIdentifier>47D4BCEC-2577-12B0-1332-CCD6856694A4</UniqueIdentifier>
    </Filter>
    <Filter Include="Source Files\generated\gui_generated\runscreen_screen">
      <UniqueIdentifier>56143B62-2398-06C0-E1E9-CAEF7657C7DD</UniqueIdentifier>
    </Filter>
    <Filter Include="Header Files\generated\gui_generated\behaviourconfigscreen_screen">
      <UniqueIdentifier>1DBF13DE-5295-5622-2F27-0A61D01AD53E</UniqueIdentifier>
    </Filter>
    <Filter Include="Header Files\generated\gui_generated\requeststopscreen_screen">
      <UniqueIdentifier>15EB6D8B-E2C5-6CE6-871B-153D8D467D0C</UniqueIdentifier>
    </Filter>
    <Filter Include="Source Files\generated\gui_generated\requeststopscreen_screen">
      <UniqueIdentifier>18EEFFBA-8ACC-C09F-57B2-F0E4EA4F8F0C</UniqueIdentifier>
    </Filter>
    <Filter Include="Header Files\generated\gui_generated\containers">
      <UniqueIdentifier>8C7B7CA3-831E-F034-F7D7-A2523D7A236C</UniqueIdentifier>
    </Filter>
    <Filter Include="Source Files\generated\gui_generated\containers">
      <UniqueIdentifier>FBA712A2-6710-8829-CE5E-EA5E06E5C41A</UniqueIdentifier>
    </Filter>
    <Filter Include="Source Files\generated\gui_generated\calibratezeroscreen_screen">
      <UniqueIdentifier>1CA7E651-58AC-30E2-4583-B8283A52006F</UniqueIdentifier>
    </Filter>
    <Filter Include="Header Files\generated\gui_generated\calibratezeroscreen_screen">
      <UniqueIdentifier>F5A82C63-7B3D-F255-3F47-7B0D85B22891</UniqueIdentifier>
    </Filter>
    <Filter Include="Source Files\generated\gui_generated\switchpressureconfigscreen_screen">
      <UniqueIdentifier>038D911A-5A5E-0531-1070-2CE8F262D6E4</UniqueIdentifier>
    </Filter>
    <Filter Include="Header Files\generated\gui_generated\mainscreen_screen">
      <UniqueIdentifier>66878C3C-0F57-193A-87EA-2050142036AA</UniqueIdentifier>
    </Filter>
    <Filter Include="Source Files\generated\gui_generated\mainscreen_screen">
      <UniqueIdentifier>C7BABA6B-87CD-BA60-9CF1-DE2678B25239</UniqueIdentifier>
    </Filter>
    <Filter Include="Header Files\generated\gui_generated\jobcompletescreen_screen">
      <UniqueIdentifier>B0D0F8EA-ADC8-0F7C-A18C-157DA8C4BAF2</UniqueIdentifier>
    </Filter>
    <Filter Include="Source Files\generated\gui_generated\calibrationscreen_screen">
      <UniqueIdentifier>88924E1D-5B12-ED42-485F-115168BD9FDB</UniqueIdentifier>
    </Filter>
    <Filter Include="Source Files\generated\gui_generated\jobcompletescreen_screen">
      <UniqueIdentifier>F9405B84-F6E3-FD14-2E24-63D338ACA744</UniqueIdentifier>
    </Filter>
    <Filter Include="Header Files\generated\gui_generated\calibrationscreen_screen">
      <UniqueIdentifier>8BBA67E7-88A9-4ED4-8209-5F7B9D30E5F8</UniqueIdentifier>
    </Filter>
    <Filter Include="Source Files\generated\gui_generated\startupscreen_screen">
      <UniqueIdentifier>EBE29216-A24A-F280-0318-325D47038825</UniqueIdentifier>
    </Filter>
    <Filter Include="Header Files\generated\gui_generated\startupscreen_screen">
      <UniqueIdentifier>60F4911E-E7FD-9F24-83ED-1223357D1E71</UniqueIdentifier>
    </Filter>
    <Filter Include="Header Files\generated\gui_generated\fatalerrorscreen_screen">
      <UniqueIdentifier>EAFD97DB-6DDF-2C86-FCC5-13DEFD8DD7DE</UniqueIdentifier>
    </Filter>
    <Filter Include="Source Files\generated\gui_generated\fatalerrorscreen_screen">
      <UniqueIdentifier>2F9945FA-43F5-F17F-2AF9-428E08841C39</UniqueIdentifier>
    </Filter>
    <Filter Include="Source Files\generated\gui_generated\configscreen_screen">
      <UniqueIdentifier>AFF6F322-621D-5F36-569E-636BA14A5F8E</UniqueIdentifier>
    </Filter>
    <Filter Include="Header Files\generated\gui_generated\configscreen_screen">
      <UniqueIdentifier>23D1F83E-2430-4639-4371-5417F8D3041F</UniqueIdentifier>
    </Filter>
    <Filter Include="Header Files\generated\gui_generated\editcalibvaluesscreen_screen">
      <UniqueIdentifier>EEC6DD74-92C5-663E-1FFB-A0A1B93F9552</UniqueIdentifier>
    </Filter>
    <Filter Include="Source Files\generated\gui_generated\editcalibvaluesscreen_screen">
      <UniqueIdentifier>63BEF23A-E525-2F8A-A2E6-229477D1F539</UniqueIdentifier>
    </Filter>
    <Filter Include="Header Files\generated\gui_generated\editcaliblowscreen_screen">
      <UniqueIdentifier>B488B757-E167-DBE9-AA85-881D2243D090</UniqueIdentifier>
    </Filter>
    <Filter Include="Source Files\generated\gui_generated\editcaliblowscreen_screen">
      <UniqueIdentifier>74A60ADC-A4E2-3F98-FD77-D11E4114BCB9</UniqueIdentifier>
    </Filter>
    <Filter Include="Header Files\generated\gui_generated\editcalibhighscreen_screen">
      <UniqueIdentifier>5ABD7B7B-4E4B-765C-E6D7-5E311B4754EE</UniqueIdentifier>
    </Filter>
    <Filter Include="Source Files\generated\gui_generated\editcalibhighscreen_screen">
      <UniqueIdentifier>2241DCB7-AF65-A454-B4A2-33544FE0E63F</UniqueIdentifier>
    </Filter>
    <Filter Include="Source Files\generated\gui_generated\dummyscreen_screen">
      <UniqueIdentifier>D275320D-C6F6-866F-8358-2EC4086CBB28</UniqueIdentifier>
    </Filter>
    <Filter Include="Header Files\generated\gui_generated\dummyscreen_screen">
      <UniqueIdentifier>161C73F6-830A-5799-F06E-654D02566490</UniqueIdentifier>
    </Filter>
    <Filter Include="Header Files\generated\gui_generated\switchpressureconfigscreen_screen">
      <UniqueIdentifier>72DEE960-BF34-A065-E196-45F77C20AC7A</UniqueIdentifier>
    </Filter>
  </ItemGroup>
  <ItemGroup>
    <ClCompile Include="$(TouchGFXReleasePath)\framework\source\platform\driver\touch\SDL2TouchController.cpp">
      <Filter>Source Files\TouchGFX\platform\driver\touch</Filter>
    </ClCompile>
    <ClCompile Include="$(TouchGFXReleasePath)\framework\source\platform\hal\simulator\sdl2\HALSDL2.cpp">
      <Filter>Source Files\TouchGFX\platform\hal\simulator\sdl2</Filter>
    </ClCompile>
    <ClCompile Include="$(TouchGFXReleasePath)\framework\source\platform\hal\simulator\sdl2\HALSDL2_icon.cpp">
      <Filter>Source Files\TouchGFX\platform\hal\simulator\sdl2</Filter>
    </ClCompile>
    <ClCompile Include="$(TouchGFXReleasePath)\framework\source\platform\hal\simulator\sdl2\OSWrappers.cpp">
      <Filter>Source Files\TouchGFX\platform\hal\simulator\sdl2</Filter>
    </ClCompile>
    <ClCompile Include="$(ApplicationRoot)\simulator\main.cpp">
      <Filter>Source Files\simulator</Filter>
    </ClCompile>
    <ClCompile Include="$(ApplicationRoot)\generated\simulator\src\mainBase.cpp">
      <Filter>Source Files\generated\simulator</Filter>
    </ClCompile>
    <ClCompile Include="..\..\gui\src\common\FrontendApplication.cpp">
      <Filter>Source Files\gui\common</Filter>
    </ClCompile>
    <ClCompile Include="..\..\generated\gui_generated\src\common\FrontendApplicationBase.cpp">
      <Filter>Source Files\generated\gui_generated\common</Filter>
    </ClCompile>
    <ClCompile Include="..\..\gui\src\model\Model.cpp">
      <Filter>Source Files\gui\model</Filter>
    </ClCompile>
    <ClCompile Include="..\..\generated\simulator\src\video\SoftwareMJPEGDecoder.cpp">
      <Filter>Source Files\generated\simulator\video</Filter>
    </ClCompile>
    <ClCompile Include="..\..\gui\src\alarmconfigscreen_screen\alarmConfigScreenPresenter.cpp">
      <Filter>Source Files\gui\alarmconfigscreen_screen</Filter>
    </ClCompile>
    <ClCompile Include="..\..\gui\src\alarmconfigscreen_screen\alarmConfigScreenView.cpp">
      <Filter>Source Files\gui\alarmconfigscreen_screen</Filter>
    </ClCompile>
    <ClCompile Include="..\..\generated\gui_generated\src\alarmconfigscreen_screen\alarmConfigScreenViewBase.cpp">
      <Filter>Source Files\generated\gui_generated\alarmconfigscreen_screen</Filter>
    </ClCompile>
    <ClCompile Include="..\..\gui\src\behaviourconfigscreen_screen\behaviourConfigScreenPresenter.cpp">
      <Filter>Source Files\gui\behaviourconfigscreen_screen</Filter>
    </ClCompile>
    <ClCompile Include="..\..\gui\src\behaviourconfigscreen_screen\behaviourConfigScreenView.cpp">
      <Filter>Source Files\gui\behaviourconfigscreen_screen</Filter>
    </ClCompile>
    <ClCompile Include="..\..\generated\gui_generated\src\behaviourconfigscreen_screen\behaviourConfigScreenViewBase.cpp">
      <Filter>Source Files\generated\gui_generated\behaviourconfigscreen_screen</Filter>
    </ClCompile>
    <ClCompile Include="..\..\gui\src\calibratezeroscreen_screen\calibrateZeroScreenPresenter.cpp">
      <Filter>Source Files\gui\calibratezeroscreen_screen</Filter>
    </ClCompile>
    <ClCompile Include="..\..\gui\src\calibratezeroscreen_screen\calibrateZeroScreenView.cpp">
      <Filter>Source Files\gui\calibratezeroscreen_screen</Filter>
    </ClCompile>
    <ClCompile Include="..\..\generated\gui_generated\src\calibratezeroscreen_screen\calibrateZeroScreenViewBase.cpp">
      <Filter>Source Files\generated\gui_generated\calibratezeroscreen_screen</Filter>
    </ClCompile>
    <ClCompile Include="..\..\gui\src\calibrationscreen_screen\calibrationScreenPresenter.cpp">
      <Filter>Source Files\gui\calibrationscreen_screen</Filter>
    </ClCompile>
    <ClCompile Include="..\..\gui\src\calibrationscreen_screen\calibrationScreenView.cpp">
      <Filter>Source Files\gui\calibrationscreen_screen</Filter>
    </ClCompile>
    <ClCompile Include="..\..\generated\gui_generated\src\calibrationscreen_screen\calibrationScreenViewBase.cpp">
      <Filter>Source Files\generated\gui_generated\calibrationscreen_screen</Filter>
    </ClCompile>
    <ClCompile Include="..\..\gui\src\configscreen_screen\configScreenPresenter.cpp">
      <Filter>Source Files\gui\configscreen_screen</Filter>
    </ClCompile>
    <ClCompile Include="..\..\gui\src\configscreen_screen\configScreenView.cpp">
      <Filter>Source Files\gui\configscreen_screen</Filter>
    </ClCompile>
    <ClCompile Include="..\..\generated\gui_generated\src\configscreen_screen\configScreenViewBase.cpp">
      <Filter>Source Files\generated\gui_generated\configscreen_screen</Filter>
    </ClCompile>
    <ClCompile Include="..\..\gui\src\dummyscreen_screen\dummyScreenPresenter.cpp">
      <Filter>Source Files\gui\dummyscreen_screen</Filter>
    </ClCompile>
    <ClCompile Include="..\..\gui\src\dummyscreen_screen\dummyScreenView.cpp">
      <Filter>Source Files\gui\dummyscreen_screen</Filter>
    </ClCompile>
    <ClCompile Include="..\..\generated\gui_generated\src\dummyscreen_screen\dummyScreenViewBase.cpp">
      <Filter>Source Files\generated\gui_generated\dummyscreen_screen</Filter>
    </ClCompile>
    <ClCompile Include="..\..\gui\src\editcalibhighscreen_screen\editCalibHighScreenPresenter.cpp">
      <Filter>Source Files\gui\editcalibhighscreen_screen</Filter>
    </ClCompile>
    <ClCompile Include="..\..\gui\src\editcalibhighscreen_screen\editCalibHighScreenView.cpp">
      <Filter>Source Files\gui\editcalibhighscreen_screen</Filter>
    </ClCompile>
    <ClCompile Include="..\..\generated\gui_generated\src\editcalibhighscreen_screen\editCalibHighScreenViewBase.cpp">
      <Filter>Source Files\generated\gui_generated\editcalibhighscreen_screen</Filter>
    </ClCompile>
    <ClCompile Include="..\..\gui\src\editcaliblowscreen_screen\editCalibLowScreenPresenter.cpp">
      <Filter>Source Files\gui\editcaliblowscreen_screen</Filter>
    </ClCompile>
    <ClCompile Include="..\..\gui\src\editcaliblowscreen_screen\editCalibLowScreenView.cpp">
      <Filter>Source Files\gui\editcaliblowscreen_screen</Filter>
    </ClCompile>
    <ClCompile Include="..\..\generated\gui_generated\src\editcaliblowscreen_screen\editCalibLowScreenViewBase.cpp">
      <Filter>Source Files\generated\gui_generated\editcaliblowscreen_screen</Filter>
    </ClCompile>
    <ClCompile Include="..\..\gui\src\editcalibvaluesscreen_screen\editCalibValuesScreenPresenter.cpp">
      <Filter>Source Files\gui\editcalibvaluesscreen_screen</Filter>
    </ClCompile>
    <ClCompile Include="..\..\gui\src\editcalibvaluesscreen_screen\editCalibValuesScreenView.cpp">
      <Filter>Source Files\gui\editcalibvaluesscreen_screen</Filter>
    </ClCompile>
    <ClCompile Include="..\..\generated\gui_generated\src\editcalibvaluesscreen_screen\editCalibValuesScreenViewBase.cpp">
      <Filter>Source Files\generated\gui_generated\editcalibvaluesscreen_screen</Filter>
    </ClCompile>
    <ClCompile Include="..\..\gui\src\fatalerrorscreen_screen\fatalErrorScreenPresenter.cpp">
      <Filter>Source Files\gui\fatalerrorscreen_screen</Filter>
    </ClCompile>
    <ClCompile Include="..\..\gui\src\fatalerrorscreen_screen\fatalErrorScreenView.cpp">
      <Filter>Source Files\gui\fatalerrorscreen_screen</Filter>
    </ClCompile>
    <ClCompile Include="..\..\generated\gui_generated\src\fatalerrorscreen_screen\fatalErrorScreenViewBase.cpp">
      <Filter>Source Files\generated\gui_generated\fatalerrorscreen_screen</Filter>
    </ClCompile>
    <ClCompile Include="..\..\gui\src\jobcompletescreen_screen\jobCompleteScreenPresenter.cpp">
      <Filter>Source Files\gui\jobcompletescreen_screen</Filter>
    </ClCompile>
    <ClCompile Include="..\..\gui\src\jobcompletescreen_screen\jobCompleteScreenView.cpp">
      <Filter>Source Files\gui\jobcompletescreen_screen</Filter>
    </ClCompile>
    <ClCompile Include="..\..\generated\gui_generated\src\jobcompletescreen_screen\jobCompleteScreenViewBase.cpp">
      <Filter>Source Files\generated\gui_generated\jobcompletescreen_screen</Filter>
    </ClCompile>
    <ClCompile Include="..\..\gui\src\mainscreen_screen\mainScreenPresenter.cpp">
      <Filter>Source Files\gui\mainscreen_screen</Filter>
    </ClCompile>
    <ClCompile Include="..\..\gui\src\mainscreen_screen\mainScreenView.cpp">
      <Filter>Source Files\gui\mainscreen_screen</Filter>
    </ClCompile>
    <ClCompile Include="..\..\generated\gui_generated\src\mainscreen_screen\mainScreenViewBase.cpp">
      <Filter>Source Files\generated\gui_generated\mainscreen_screen</Filter>
    </ClCompile>
    <ClCompile Include="..\..\gui\src\containers\numericKeyPad.cpp">
      <Filter>Source Files\gui\containers</Filter>
    </ClCompile>
    <ClCompile Include="..\..\generated\gui_generated\src\containers\numericKeyPadBase.cpp">
      <Filter>Source Files\generated\gui_generated\containers</Filter>
    </ClCompile>
    <ClCompile Include="..\..\gui\src\requeststopscreen_screen\requestStopScreenPresenter.cpp">
      <Filter>Source Files\gui\requeststopscreen_screen</Filter>
    </ClCompile>
    <ClCompile Include="..\..\gui\src\requeststopscreen_screen\requestStopScreenView.cpp">
      <Filter>Source Files\gui\requeststopscreen_screen</Filter>
    </ClCompile>
    <ClCompile Include="..\..\generated\gui_generated\src\requeststopscreen_screen\requestStopScreenViewBase.cpp">
      <Filter>Source Files\generated\gui_generated\requeststopscreen_screen</Filter>
    </ClCompile>
    <ClCompile Include="..\..\gui\src\runscreen_screen\runScreenPresenter.cpp">
      <Filter>Source Files\gui\runscreen_screen</Filter>
    </ClCompile>
    <ClCompile Include="..\..\gui\src\runscreen_screen\runScreenView.cpp">
      <Filter>Source Files\gui\runscreen_screen</Filter>
    </ClCompile>
    <ClCompile Include="..\..\generated\gui_generated\src\runscreen_screen\runScreenViewBase.cpp">
      <Filter>Source Files\generated\gui_generated\runscreen_screen</Filter>
    </ClCompile>
    <ClCompile Include="..\..\gui\src\setamperescreen_screen\setAmpereScreenPresenter.cpp">
      <Filter>Source Files\gui\setamperescreen_screen</Filter>
    </ClCompile>
    <ClCompile Include="..\..\gui\src\setamperescreen_screen\setAmpereScreenView.cpp">
      <Filter>Source Files\gui\setamperescreen_screen</Filter>
    </ClCompile>
    <ClCompile Include="..\..\generated\gui_generated\src\setamperescreen_screen\setAmpereScreenViewBase.cpp">
      <Filter>Source Files\generated\gui_generated\setamperescreen_screen</Filter>
    </ClCompile>
    <ClCompile Include="..\..\gui\src\settimescreen_screen\setTimeScreenPresenter.cpp">
      <Filter>Source Files\gui\settimescreen_screen</Filter>
    </ClCompile>
    <ClCompile Include="..\..\gui\src\settimescreen_screen\setTimeScreenView.cpp">
      <Filter>Source Files\gui\settimescreen_screen</Filter>
    </ClCompile>
    <ClCompile Include="..\..\generated\gui_generated\src\settimescreen_screen\setTimeScreenViewBase.cpp">
      <Filter>Source Files\generated\gui_generated\settimescreen_screen</Filter>
    </ClCompile>
    <ClCompile Include="..\..\gui\src\startupscreen_screen\startupScreenPresenter.cpp">
      <Filter>Source Files\gui\startupscreen_screen</Filter>
    </ClCompile>
    <ClCompile Include="..\..\gui\src\startupscreen_screen\startupScreenView.cpp">
      <Filter>Source Files\gui\startupscreen_screen</Filter>
    </ClCompile>
    <ClCompile Include="..\..\generated\gui_generated\src\startupscreen_screen\startupScreenViewBase.cpp">
      <Filter>Source Files\generated\gui_generated\startupscreen_screen</Filter>
    </ClCompile>
    <ClCompile Include="..\..\gui\src\switchpressureconfigscreen_screen\switchPressureConfigScreenPresenter.cpp">
      <Filter>Source Files\gui\switchpressureconfigscreen_screen</Filter>
    </ClCompile>
    <ClCompile Include="..\..\gui\src\switchpressureconfigscreen_screen\switchPressureConfigScreenView.cpp">
      <Filter>Source Files\gui\switchpressureconfigscreen_screen</Filter>
    </ClCompile>
    <ClCompile Include="..\..\generated\gui_generated\src\switchpressureconfigscreen_screen\switchPressureConfigScreenViewBase.cpp">
      <Filter>Source Files\generated\gui_generated\switchpressureconfigscreen_screen</Filter>
    </ClCompile>
    <ClCompile Include="..\..\gui\src\containers\GaugeWithGoal.cpp">
      <Filter>Source Files\gui\containers</Filter>
    </ClCompile>
    <ClCompile Include="..\..\generated\gui_generated\src\containers\GaugeWithGoalBase.cpp">
      <Filter>Source Files\generated\gui_generated\containers</Filter>
    </ClCompile>
  </ItemGroup>
  <ItemGroup>
    <None Include="$(ApplicationRoot)\assets\texts\texts.xml">
      <Filter>Resource Files\assets\texts</Filter>
    </None>
    <None Include="$(ApplicationRoot)\config\msvs\Application.props">
      <Filter>Resource Files\config\msvs</Filter>
    </None>
  </ItemGroup>
  <ItemGroup>
    <ClInclude Include="$(TouchGFXReleasePath)\framework\include\common\AbstractPartition.hpp">
      <Filter>Header Files\TouchGFX\common</Filter>
    </ClInclude>
    <ClInclude Include="$(TouchGFXReleasePath)\framework\include\common\Meta.hpp">
      <Filter>Header Files\TouchGFX\common</Filter>
    </ClInclude>
    <ClInclude Include="$(TouchGFXReleasePath)\framework\include\common\Partition.hpp">
      <Filter>Header Files\TouchGFX\common</Filter>
    </ClInclude>
    <ClInclude Include="$(TouchGFXReleasePath)\framework\include\common\TouchGFXInit.hpp">
      <Filter>Header Files\TouchGFX\common</Filter>
    </ClInclude>
    <ClInclude Include="$(TouchGFXReleasePath)\framework\include\mvp\MVPApplication.hpp">
      <Filter>Header Files\TouchGFX\mvp</Filter>
    </ClInclude>
    <ClInclude Include="$(TouchGFXReleasePath)\framework\include\mvp\MVPHeap.hpp">
      <Filter>Header Files\TouchGFX\mvp</Filter>
    </ClInclude>
    <ClInclude Include="$(TouchGFXReleasePath)\framework\include\mvp\Presenter.hpp">
      <Filter>Header Files\TouchGFX\mvp</Filter>
    </ClInclude>
    <ClInclude Include="$(TouchGFXReleasePath)\framework\include\mvp\View.hpp">
      <Filter>Header Files\TouchGFX\mvp</Filter>
    </ClInclude>
    <ClInclude Include="$(TouchGFXReleasePath)\framework\include\platform\driver\lcd\LCD16bpp.hpp">
      <Filter>Header Files\TouchGFX\platform\driver\lcd</Filter>
    </ClInclude>
    <ClInclude Include="$(TouchGFXReleasePath)\framework\include\platform\driver\lcd\LCD1bpp.hpp">
      <Filter>Header Files\TouchGFX\platform\driver\lcd</Filter>
    </ClInclude>
    <ClInclude Include="$(TouchGFXReleasePath)\framework\include\platform\driver\lcd\LCD24bpp.hpp">
      <Filter>Header Files\TouchGFX\platform\driver\lcd</Filter>
    </ClInclude>
    <ClInclude Include="$(TouchGFXReleasePath)\framework\include\platform\driver\lcd\LCD2bpp.hpp">
      <Filter>Header Files\TouchGFX\platform\driver\lcd</Filter>
    </ClInclude>
    <ClInclude Include="$(TouchGFXReleasePath)\framework\include\platform\driver\lcd\LCD4bpp.hpp">
      <Filter>Header Files\TouchGFX\platform\driver\lcd</Filter>
    </ClInclude>
    <ClInclude Include="$(TouchGFXReleasePath)\framework\include\platform\driver\touch\SDL2TouchController.hpp">
      <Filter>Header Files\TouchGFX\platform\driver\touch</Filter>
    </ClInclude>
    <ClInclude Include="$(TouchGFXReleasePath)\framework\include\platform\hal\simulator\sdl2\HALSDL2.hpp">
      <Filter>Header Files\TouchGFX\platform\hal\simulator\sdl2</Filter>
    </ClInclude>
    <ClInclude Include="$(TouchGFXReleasePath)\framework\include\touchgfx\Application.hpp">
      <Filter>Header Files\TouchGFX\touchgfx</Filter>
    </ClInclude>
    <ClInclude Include="$(TouchGFXReleasePath)\framework\include\touchgfx\Bitmap.hpp">
      <Filter>Header Files\TouchGFX\touchgfx</Filter>
    </ClInclude>
    <ClInclude Include="$(TouchGFXReleasePath)\framework\include\touchgfx\Callback.hpp">
      <Filter>Header Files\TouchGFX\touchgfx</Filter>
    </ClInclude>
    <ClInclude Include="$(TouchGFXReleasePath)\framework\include\touchgfx\canvas_widget_renderer\CanvasWidgetRenderer.hpp">
      <Filter>Header Files\TouchGFX\touchgfx\canvas_widget_renderer</Filter>
    </ClInclude>
    <ClInclude Include="$(TouchGFXReleasePath)\framework\include\touchgfx\canvas_widget_renderer\Cell.hpp">
      <Filter>Header Files\TouchGFX\touchgfx\canvas_widget_renderer</Filter>
    </ClInclude>
    <ClInclude Include="$(TouchGFXReleasePath)\framework\include\touchgfx\canvas_widget_renderer\Outline.hpp">
      <Filter>Header Files\TouchGFX\touchgfx\canvas_widget_renderer</Filter>
    </ClInclude>
    <ClInclude Include="$(TouchGFXReleasePath)\framework\include\touchgfx\canvas_widget_renderer\Rasterizer.hpp">
      <Filter>Header Files\TouchGFX\touchgfx\canvas_widget_renderer</Filter>
    </ClInclude>
    <ClInclude Include="$(TouchGFXReleasePath)\framework\include\touchgfx\canvas_widget_renderer\Renderer.hpp">
      <Filter>Header Files\TouchGFX\touchgfx\canvas_widget_renderer</Filter>
    </ClInclude>
    <ClInclude Include="$(TouchGFXReleasePath)\framework\include\touchgfx\canvas_widget_renderer\RenderingBuffer.hpp">
      <Filter>Header Files\TouchGFX\touchgfx\canvas_widget_renderer</Filter>
    </ClInclude>
    <ClInclude Include="$(TouchGFXReleasePath)\framework\include\touchgfx\canvas_widget_renderer\RGBA8.hpp">
      <Filter>Header Files\TouchGFX\touchgfx\canvas_widget_renderer</Filter>
    </ClInclude>
    <ClInclude Include="$(TouchGFXReleasePath)\framework\include\touchgfx\canvas_widget_renderer\Scanline.hpp">
      <Filter>Header Files\TouchGFX\touchgfx\canvas_widget_renderer</Filter>
    </ClInclude>
    <ClInclude Include="$(TouchGFXReleasePath)\framework\include\touchgfx\Color.hpp">
      <Filter>Header Files\TouchGFX\touchgfx</Filter>
    </ClInclude>
    <ClInclude Include="$(TouchGFXReleasePath)\framework\include\touchgfx\ConstFont.hpp">
      <Filter>Header Files\TouchGFX\touchgfx</Filter>
    </ClInclude>
    <ClInclude Include="$(TouchGFXReleasePath)\framework\include\touchgfx\containers\clock\AbstractClock.hpp">
      <Filter>Header Files\TouchGFX\touchgfx\containers\clock</Filter>
    </ClInclude>
    <ClInclude Include="$(TouchGFXReleasePath)\framework\include\touchgfx\containers\clock\AnalogClock.hpp">
      <Filter>Header Files\TouchGFX\touchgfx\containers\clock</Filter>
    </ClInclude>
    <ClInclude Include="$(TouchGFXReleasePath)\framework\include\touchgfx\containers\clock\DigitalClock.hpp">
      <Filter>Header Files\TouchGFX\touchgfx\containers\clock</Filter>
    </ClInclude>
    <ClInclude Include="$(TouchGFXReleasePath)\framework\include\touchgfx\containers\Container.hpp">
      <Filter>Header Files\TouchGFX\touchgfx\containers</Filter>
    </ClInclude>
    <ClInclude Include="$(TouchGFXReleasePath)\framework\include\touchgfx\containers\ListLayout.hpp">
      <Filter>Header Files\TouchGFX\touchgfx\containers</Filter>
    </ClInclude>
    <ClInclude Include="$(TouchGFXReleasePath)\framework\include\touchgfx\containers\ModalWindow.hpp">
      <Filter>Header Files\TouchGFX\touchgfx\containers</Filter>
    </ClInclude>
    <ClInclude Include="$(TouchGFXReleasePath)\framework\include\touchgfx\containers\progress_indicators\AbstractDirectionProgress.hpp">
      <Filter>Header Files\TouchGFX\touchgfx\containers\progress_indicators</Filter>
    </ClInclude>
    <ClInclude Include="$(TouchGFXReleasePath)\framework\include\touchgfx\containers\progress_indicators\AbstractProgressIndicator.hpp">
      <Filter>Header Files\TouchGFX\touchgfx\containers\progress_indicators</Filter>
    </ClInclude>
    <ClInclude Include="$(TouchGFXReleasePath)\framework\include\touchgfx\containers\progress_indicators\BoxProgress.hpp">
      <Filter>Header Files\TouchGFX\touchgfx\containers\progress_indicators</Filter>
    </ClInclude>
    <ClInclude Include="$(TouchGFXReleasePath)\framework\include\touchgfx\containers\progress_indicators\CircleProgress.hpp">
      <Filter>Header Files\TouchGFX\touchgfx\containers\progress_indicators</Filter>
    </ClInclude>
    <ClInclude Include="$(TouchGFXReleasePath)\framework\include\touchgfx\containers\progress_indicators\ImageProgress.hpp">
      <Filter>Header Files\TouchGFX\touchgfx\containers\progress_indicators</Filter>
    </ClInclude>
    <ClInclude Include="$(TouchGFXReleasePath)\framework\include\touchgfx\containers\progress_indicators\LineProgress.hpp">
      <Filter>Header Files\TouchGFX\touchgfx\containers\progress_indicators</Filter>
    </ClInclude>
    <ClInclude Include="$(TouchGFXReleasePath)\framework\include\touchgfx\containers\progress_indicators\TextProgress.hpp">
      <Filter>Header Files\TouchGFX\touchgfx\containers\progress_indicators</Filter>
    </ClInclude>
    <ClInclude Include="$(TouchGFXReleasePath)\framework\include\touchgfx\containers\ScrollableContainer.hpp">
      <Filter>Header Files\TouchGFX\touchgfx\containers</Filter>
    </ClInclude>
    <ClInclude Include="$(TouchGFXReleasePath)\framework\include\touchgfx\containers\SlideMenu.hpp">
      <Filter>Header Files\TouchGFX\touchgfx\containers</Filter>
    </ClInclude>
    <ClInclude Include="$(TouchGFXReleasePath)\framework\include\touchgfx\containers\Slider.hpp">
      <Filter>Header Files\TouchGFX\touchgfx\containers</Filter>
    </ClInclude>
    <ClInclude Include="$(TouchGFXReleasePath)\framework\include\touchgfx\containers\ZoomAnimationImage.hpp">
      <Filter>Header Files\TouchGFX\touchgfx\containers</Filter>
    </ClInclude>
    <ClInclude Include="$(TouchGFXReleasePath)\framework\include\touchgfx\Drawable.hpp">
      <Filter>Header Files\TouchGFX\touchgfx</Filter>
    </ClInclude>
    <ClInclude Include="$(TouchGFXReleasePath)\framework\include\touchgfx\EasingEquations.hpp">
      <Filter>Header Files\TouchGFX\touchgfx</Filter>
    </ClInclude>
    <ClInclude Include="$(TouchGFXReleasePath)\framework\include\touchgfx\Event.hpp">
      <Filter>Header Files\TouchGFX\touchgfx</Filter>
    </ClInclude>
    <ClInclude Include="$(TouchGFXReleasePath)\framework\include\touchgfx\events\ClickEvent.hpp">
      <Filter>Header Files\TouchGFX\touchgfx\events</Filter>
    </ClInclude>
    <ClInclude Include="$(TouchGFXReleasePath)\framework\include\touchgfx\events\DragEvent.hpp">
      <Filter>Header Files\TouchGFX\touchgfx\events</Filter>
    </ClInclude>
    <ClInclude Include="$(TouchGFXReleasePath)\framework\include\touchgfx\events\GestureEvent.hpp">
      <Filter>Header Files\TouchGFX\touchgfx\events</Filter>
    </ClInclude>
    <ClInclude Include="$(TouchGFXReleasePath)\framework\include\touchgfx\Font.hpp">
      <Filter>Header Files\TouchGFX\touchgfx</Filter>
    </ClInclude>
    <ClInclude Include="$(TouchGFXReleasePath)\framework\include\touchgfx\FontManager.hpp">
      <Filter>Header Files\TouchGFX\touchgfx</Filter>
    </ClInclude>
    <ClInclude Include="$(TouchGFXReleasePath)\framework\include\touchgfx\hal\Atomic.hpp">
      <Filter>Header Files\TouchGFX\touchgfx\hal</Filter>
    </ClInclude>
    <ClInclude Include="$(TouchGFXReleasePath)\framework\include\touchgfx\hal\BlitOp.hpp">
      <Filter>Header Files\TouchGFX\touchgfx\hal</Filter>
    </ClInclude>
    <ClInclude Include="$(TouchGFXReleasePath)\framework\include\touchgfx\hal\BoardConfiguration.hpp">
      <Filter>Header Files\TouchGFX\touchgfx\hal</Filter>
    </ClInclude>
    <ClInclude Include="$(TouchGFXReleasePath)\framework\include\touchgfx\hal\Buttons.hpp">
      <Filter>Header Files\TouchGFX\touchgfx\hal</Filter>
    </ClInclude>
    <ClInclude Include="$(TouchGFXReleasePath)\framework\include\touchgfx\hal\Config.hpp">
      <Filter>Header Files\TouchGFX\touchgfx\hal</Filter>
    </ClInclude>
    <ClInclude Include="$(TouchGFXReleasePath)\framework\include\touchgfx\hal\DMA.hpp">
      <Filter>Header Files\TouchGFX\touchgfx\hal</Filter>
    </ClInclude>
    <ClInclude Include="$(TouchGFXReleasePath)\framework\include\touchgfx\hal\Gestures.hpp">
      <Filter>Header Files\TouchGFX\touchgfx\hal</Filter>
    </ClInclude>
    <ClInclude Include="$(TouchGFXReleasePath)\framework\include\touchgfx\hal\GPIO.hpp">
      <Filter>Header Files\TouchGFX\touchgfx\hal</Filter>
    </ClInclude>
    <ClInclude Include="$(TouchGFXReleasePath)\framework\include\touchgfx\hal\HAL.hpp">
      <Filter>Header Files\TouchGFX\touchgfx\hal</Filter>
    </ClInclude>
    <ClInclude Include="$(TouchGFXReleasePath)\framework\include\touchgfx\hal\LED.hpp">
      <Filter>Header Files\TouchGFX\touchgfx\hal</Filter>
    </ClInclude>
    <ClInclude Include="$(TouchGFXReleasePath)\framework\include\touchgfx\hal\NoDMA.hpp">
      <Filter>Header Files\TouchGFX\touchgfx\hal</Filter>
    </ClInclude>
    <ClInclude Include="$(TouchGFXReleasePath)\framework\include\touchgfx\hal\OSWrappers.hpp">
      <Filter>Header Files\TouchGFX\touchgfx\hal</Filter>
    </ClInclude>
    <ClInclude Include="$(TouchGFXReleasePath)\framework\include\touchgfx\hal\Types.hpp">
      <Filter>Header Files\TouchGFX\touchgfx\hal</Filter>
    </ClInclude>
    <ClInclude Include="$(TouchGFXReleasePath)\framework\include\touchgfx\InternalFlashFont.hpp">
      <Filter>Header Files\TouchGFX\touchgfx</Filter>
    </ClInclude>
    <ClInclude Include="$(TouchGFXReleasePath)\framework\include\touchgfx\JSMOCHelper.hpp">
      <Filter>Header Files\TouchGFX\touchgfx</Filter>
    </ClInclude>
    <ClInclude Include="$(TouchGFXReleasePath)\framework\include\touchgfx\lcd\LCD.hpp">
      <Filter>Header Files\TouchGFX\touchgfx\lcd</Filter>
    </ClInclude>
    <ClInclude Include="$(TouchGFXReleasePath)\framework\include\touchgfx\Math3D.hpp">
      <Filter>Header Files\TouchGFX\touchgfx</Filter>
    </ClInclude>
    <ClInclude Include="$(TouchGFXReleasePath)\framework\include\touchgfx\mixins\ClickListener.hpp">
      <Filter>Header Files\TouchGFX\touchgfx\mixins</Filter>
    </ClInclude>
    <ClInclude Include="$(TouchGFXReleasePath)\framework\include\touchgfx\mixins\Draggable.hpp">
      <Filter>Header Files\TouchGFX\touchgfx\mixins</Filter>
    </ClInclude>
    <ClInclude Include="$(TouchGFXReleasePath)\framework\include\touchgfx\mixins\FadeAnimator.hpp">
      <Filter>Header Files\TouchGFX\touchgfx\mixins</Filter>
    </ClInclude>
    <ClInclude Include="$(TouchGFXReleasePath)\framework\include\touchgfx\mixins\MoveAnimator.hpp">
      <Filter>Header Files\TouchGFX\touchgfx\mixins</Filter>
    </ClInclude>
    <ClInclude Include="$(TouchGFXReleasePath)\framework\include\touchgfx\mixins\PreRenderable.hpp">
      <Filter>Header Files\TouchGFX\touchgfx\mixins</Filter>
    </ClInclude>
    <ClInclude Include="$(TouchGFXReleasePath)\framework\include\touchgfx\mixins\Snapper.hpp">
      <Filter>Header Files\TouchGFX\touchgfx\mixins</Filter>
    </ClInclude>
    <ClInclude Include="$(TouchGFXReleasePath)\framework\include\touchgfx\Screen.hpp">
      <Filter>Header Files\TouchGFX\touchgfx</Filter>
    </ClInclude>
    <ClInclude Include="$(TouchGFXReleasePath)\framework\include\touchgfx\TextProvider.hpp">
      <Filter>Header Files\TouchGFX\touchgfx</Filter>
    </ClInclude>
    <ClInclude Include="$(TouchGFXReleasePath)\framework\include\touchgfx\Texts.hpp">
      <Filter>Header Files\TouchGFX\touchgfx</Filter>
    </ClInclude>
    <ClInclude Include="$(TouchGFXReleasePath)\framework\include\touchgfx\TextureMapTypes.hpp">
      <Filter>Header Files\TouchGFX\touchgfx</Filter>
    </ClInclude>
    <ClInclude Include="$(TouchGFXReleasePath)\framework\include\touchgfx\transforms\DisplayTransformation.hpp">
      <Filter>Header Files\TouchGFX\touchgfx\transforms</Filter>
    </ClInclude>
    <ClInclude Include="$(TouchGFXReleasePath)\framework\include\touchgfx\transforms\TouchCalibration.hpp">
      <Filter>Header Files\TouchGFX\touchgfx\transforms</Filter>
    </ClInclude>
    <ClInclude Include="$(TouchGFXReleasePath)\framework\include\touchgfx\transitions\NoTransition.hpp">
      <Filter>Header Files\TouchGFX\touchgfx\transitions</Filter>
    </ClInclude>
    <ClInclude Include="$(TouchGFXReleasePath)\framework\include\touchgfx\transitions\SlideTransition.hpp">
      <Filter>Header Files\TouchGFX\touchgfx\transitions</Filter>
    </ClInclude>
    <ClInclude Include="$(TouchGFXReleasePath)\framework\include\touchgfx\transitions\Transition.hpp">
      <Filter>Header Files\TouchGFX\touchgfx\transitions</Filter>
    </ClInclude>
    <ClInclude Include="$(TouchGFXReleasePath)\framework\include\touchgfx\TypedText.hpp">
      <Filter>Header Files\TouchGFX\touchgfx</Filter>
    </ClInclude>
    <ClInclude Include="$(TouchGFXReleasePath)\framework\include\touchgfx\UIEventListener.hpp">
      <Filter>Header Files\TouchGFX\touchgfx</Filter>
    </ClInclude>
    <ClInclude Include="$(TouchGFXReleasePath)\framework\include\touchgfx\Unicode.hpp">
      <Filter>Header Files\TouchGFX\touchgfx</Filter>
    </ClInclude>
    <ClInclude Include="$(TouchGFXReleasePath)\framework\include\touchgfx\Utils.hpp">
      <Filter>Header Files\TouchGFX\touchgfx</Filter>
    </ClInclude>
    <ClInclude Include="$(TouchGFXReleasePath)\framework\include\touchgfx\widgets\AbstractButton.hpp">
      <Filter>Header Files\TouchGFX\touchgfx\widgets</Filter>
    </ClInclude>
    <ClInclude Include="$(TouchGFXReleasePath)\framework\include\touchgfx\widgets\AnimatedImage.hpp">
      <Filter>Header Files\TouchGFX\touchgfx\widgets</Filter>
    </ClInclude>
    <ClInclude Include="$(TouchGFXReleasePath)\framework\include\touchgfx\widgets\AnimationTextureMapper.hpp">
      <Filter>Header Files\TouchGFX\touchgfx\widgets</Filter>
    </ClInclude>
    <ClInclude Include="$(TouchGFXReleasePath)\framework\include\touchgfx\widgets\Box.hpp">
      <Filter>Header Files\TouchGFX\touchgfx\widgets</Filter>
    </ClInclude>
    <ClInclude Include="$(TouchGFXReleasePath)\framework\include\touchgfx\widgets\Button.hpp">
      <Filter>Header Files\TouchGFX\touchgfx\widgets</Filter>
    </ClInclude>
    <ClInclude Include="$(TouchGFXReleasePath)\framework\include\touchgfx\widgets\ButtonWithIcon.hpp">
      <Filter>Header Files\TouchGFX\touchgfx\widgets</Filter>
    </ClInclude>
    <ClInclude Include="$(TouchGFXReleasePath)\framework\include\touchgfx\widgets\ButtonWithLabel.hpp">
      <Filter>Header Files\TouchGFX\touchgfx\widgets</Filter>
    </ClInclude>
    <ClInclude Include="$(TouchGFXReleasePath)\framework\include\touchgfx\widgets\canvas\AbstractPainter.hpp">
      <Filter>Header Files\TouchGFX\touchgfx\widgets\canvas</Filter>
    </ClInclude>
    <ClInclude Include="$(TouchGFXReleasePath)\framework\include\touchgfx\widgets\canvas\AbstractPainterBW.hpp">
      <Filter>Header Files\TouchGFX\touchgfx\widgets\canvas</Filter>
    </ClInclude>
    <ClInclude Include="$(TouchGFXReleasePath)\framework\include\touchgfx\widgets\canvas\AbstractPainterGRAY2.hpp">
      <Filter>Header Files\TouchGFX\touchgfx\widgets\canvas</Filter>
    </ClInclude>
    <ClInclude Include="$(TouchGFXReleasePath)\framework\include\touchgfx\widgets\canvas\AbstractPainterGRAY4.hpp">
      <Filter>Header Files\TouchGFX\touchgfx\widgets\canvas</Filter>
    </ClInclude>
    <ClInclude Include="$(TouchGFXReleasePath)\framework\include\touchgfx\widgets\canvas\AbstractPainterRGB565.hpp">
      <Filter>Header Files\TouchGFX\touchgfx\widgets\canvas</Filter>
    </ClInclude>
    <ClInclude Include="$(TouchGFXReleasePath)\framework\include\touchgfx\widgets\canvas\AbstractPainterRGB888.hpp">
      <Filter>Header Files\TouchGFX\touchgfx\widgets\canvas</Filter>
    </ClInclude>
    <ClInclude Include="$(TouchGFXReleasePath)\framework\include\touchgfx\widgets\canvas\AbstractShape.hpp">
      <Filter>Header Files\TouchGFX\touchgfx\widgets\canvas</Filter>
    </ClInclude>
    <ClInclude Include="$(TouchGFXReleasePath)\framework\include\touchgfx\widgets\canvas\Canvas.hpp">
      <Filter>Header Files\TouchGFX\touchgfx\widgets\canvas</Filter>
    </ClInclude>
    <ClInclude Include="$(TouchGFXReleasePath)\framework\include\touchgfx\widgets\canvas\CanvasWidget.hpp">
      <Filter>Header Files\TouchGFX\touchgfx\widgets\canvas</Filter>
    </ClInclude>
    <ClInclude Include="$(TouchGFXReleasePath)\framework\include\touchgfx\widgets\canvas\Circle.hpp">
      <Filter>Header Files\TouchGFX\touchgfx\widgets\canvas</Filter>
    </ClInclude>
    <ClInclude Include="$(TouchGFXReleasePath)\framework\include\touchgfx\widgets\canvas\CWRUtil.hpp">
      <Filter>Header Files\TouchGFX\touchgfx\widgets\canvas</Filter>
    </ClInclude>
    <ClInclude Include="$(TouchGFXReleasePath)\framework\include\touchgfx\widgets\canvas\Line.hpp">
      <Filter>Header Files\TouchGFX\touchgfx\widgets\canvas</Filter>
    </ClInclude>
    <ClInclude Include="$(TouchGFXReleasePath)\framework\include\touchgfx\widgets\canvas\PainterBW.hpp">
      <Filter>Header Files\TouchGFX\touchgfx\widgets\canvas</Filter>
    </ClInclude>
    <ClInclude Include="$(TouchGFXReleasePath)\framework\include\touchgfx\widgets\canvas\PainterGRAY2.hpp">
      <Filter>Header Files\TouchGFX\touchgfx\widgets\canvas</Filter>
    </ClInclude>
    <ClInclude Include="$(TouchGFXReleasePath)\framework\include\touchgfx\widgets\canvas\PainterGRAY2Bitmap.hpp">
      <Filter>Header Files\TouchGFX\touchgfx\widgets\canvas</Filter>
    </ClInclude>
    <ClInclude Include="$(TouchGFXReleasePath)\framework\include\touchgfx\widgets\canvas\PainterGRAY4.hpp">
      <Filter>Header Files\TouchGFX\touchgfx\widgets\canvas</Filter>
    </ClInclude>
    <ClInclude Include="$(TouchGFXReleasePath)\framework\include\touchgfx\widgets\canvas\PainterGRAY4Bitmap.hpp">
      <Filter>Header Files\TouchGFX\touchgfx\widgets\canvas</Filter>
    </ClInclude>
    <ClInclude Include="$(TouchGFXReleasePath)\framework\include\touchgfx\widgets\canvas\PainterRGB565.hpp">
      <Filter>Header Files\TouchGFX\touchgfx\widgets\canvas</Filter>
    </ClInclude>
    <ClInclude Include="$(TouchGFXReleasePath)\framework\include\touchgfx\widgets\canvas\PainterRGB565Bitmap.hpp">
      <Filter>Header Files\TouchGFX\touchgfx\widgets\canvas</Filter>
    </ClInclude>
    <ClInclude Include="$(TouchGFXReleasePath)\framework\include\touchgfx\widgets\canvas\PainterRGB888.hpp">
      <Filter>Header Files\TouchGFX\touchgfx\widgets\canvas</Filter>
    </ClInclude>
    <ClInclude Include="$(TouchGFXReleasePath)\framework\include\touchgfx\widgets\canvas\PainterRGB888Bitmap.hpp">
      <Filter>Header Files\TouchGFX\touchgfx\widgets\canvas</Filter>
    </ClInclude>
    <ClInclude Include="$(TouchGFXReleasePath)\framework\include\touchgfx\widgets\canvas\Shape.hpp">
      <Filter>Header Files\TouchGFX\touchgfx\widgets\canvas</Filter>
    </ClInclude>
    <ClInclude Include="$(TouchGFXReleasePath)\framework\include\touchgfx\widgets\Image.hpp">
      <Filter>Header Files\TouchGFX\touchgfx\widgets</Filter>
    </ClInclude>
    <ClInclude Include="$(TouchGFXReleasePath)\framework\include\touchgfx\widgets\Keyboard.hpp">
      <Filter>Header Files\TouchGFX\touchgfx\widgets</Filter>
    </ClInclude>
    <ClInclude Include="$(TouchGFXReleasePath)\framework\include\touchgfx\widgets\PixelDataWidget.hpp">
      <Filter>Header Files\TouchGFX\touchgfx\widgets</Filter>
    </ClInclude>
    <ClInclude Include="$(TouchGFXReleasePath)\framework\include\touchgfx\widgets\RadioButton.hpp">
      <Filter>Header Files\TouchGFX\touchgfx\widgets</Filter>
    </ClInclude>
    <ClInclude Include="$(TouchGFXReleasePath)\framework\include\touchgfx\widgets\RadioButtonGroup.hpp">
      <Filter>Header Files\TouchGFX\touchgfx\widgets</Filter>
    </ClInclude>
    <ClInclude Include="$(TouchGFXReleasePath)\framework\include\touchgfx\widgets\RepeatButton.hpp">
      <Filter>Header Files\TouchGFX\touchgfx\widgets</Filter>
    </ClInclude>
    <ClInclude Include="$(TouchGFXReleasePath)\framework\include\touchgfx\widgets\ScalableImage.hpp">
      <Filter>Header Files\TouchGFX\touchgfx\widgets</Filter>
    </ClInclude>
    <ClInclude Include="$(TouchGFXReleasePath)\framework\include\touchgfx\widgets\SnapshotWidget.hpp">
      <Filter>Header Files\TouchGFX\touchgfx\widgets</Filter>
    </ClInclude>
    <ClInclude Include="$(TouchGFXReleasePath)\framework\include\touchgfx\widgets\TextArea.hpp">
      <Filter>Header Files\TouchGFX\touchgfx\widgets</Filter>
    </ClInclude>
    <ClInclude Include="$(TouchGFXReleasePath)\framework\include\touchgfx\widgets\TextAreaWithWildcard.hpp">
      <Filter>Header Files\TouchGFX\touchgfx\widgets</Filter>
    </ClInclude>
    <ClInclude Include="$(TouchGFXReleasePath)\framework\include\touchgfx\widgets\TextureMapper.hpp">
      <Filter>Header Files\TouchGFX\touchgfx\widgets</Filter>
    </ClInclude>
    <ClInclude Include="$(TouchGFXReleasePath)\framework\include\touchgfx\widgets\TiledImage.hpp">
      <Filter>Header Files\TouchGFX\touchgfx\widgets</Filter>
    </ClInclude>
    <ClInclude Include="$(TouchGFXReleasePath)\framework\include\touchgfx\widgets\ToggleButton.hpp">
      <Filter>Header Files\TouchGFX\touchgfx\widgets</Filter>
    </ClInclude>
    <ClInclude Include="$(TouchGFXReleasePath)\framework\include\touchgfx\widgets\TouchArea.hpp">
      <Filter>Header Files\TouchGFX\touchgfx\widgets</Filter>
    </ClInclude>
    <ClInclude Include="$(TouchGFXReleasePath)\framework\include\touchgfx\widgets\Widget.hpp">
      <Filter>Header Files\TouchGFX\touchgfx\widgets</Filter>
    </ClInclude>
    <ClInclude Include="$(ApplicationRoot)\generated\simulator\include\simulator\mainBase.hpp">
      <Filter>Header Files\generated\simulator</Filter>
    </ClInclude>
    <ClInclude Include="..\..\generated\simulator\include\simulator\video\DirectFrameBufferVideoController.hpp">
      <Filter>Header Files\generated\simulator\include\simulator\video</Filter>
    </ClInclude>
    <ClInclude Include="..\..\gui\include\gui\common\FrontendApplication.hpp">
      <Filter>Header Files\gui\common</Filter>
    </ClInclude>
    <ClInclude Include="..\..\generated\gui_generated\include\gui_generated\common\FrontendApplicationBase.hpp">
      <Filter>Header Files\generated\gui_generated\common</Filter>
    </ClInclude>
    <ClInclude Include="..\..\gui\include\gui\common\FrontendHeap.hpp">
      <Filter>Header Files\gui\common</Filter>
    </ClInclude>
    <ClInclude Include="..\..\generated\gui_generated\include\gui_generated\common\FrontendHeapBase.hpp">
      <Filter>Header Files\generated\gui_generated\common</Filter>
    </ClInclude>
    <ClInclude Include="..\..\generated\simulator\include\simulator\video\MJPEGDecoder.hpp">
      <Filter>Header Files\generated\simulator\include\simulator\video</Filter>
    </ClInclude>
    <ClInclude Include="..\..\gui\include\gui\model\Model.hpp">
      <Filter>Header Files\gui\model</Filter>
    </ClInclude>
    <ClInclude Include="..\..\gui\include\gui\model\ModelListener.hpp">
      <Filter>Header Files\gui\model</Filter>
    </ClInclude>
    <ClInclude Include="..\..\generated\gui_generated\include\gui_generated\common\SimConstants.hpp">
      <Filter>Header Files\generated\gui_generated\common</Filter>
    </ClInclude>
    <ClInclude Include="..\..\generated\simulator\include\simulator\video\SoftwareMJPEGDecoder.hpp">
      <Filter>Header Files\generated\simulator\include\simulator\video</Filter>
    </ClInclude>
    <ClInclude Include="..\..\gui\include\gui\alarmconfigscreen_screen\alarmConfigScreenPresenter.hpp">
      <Filter>Header Files\gui\alarmconfigscreen_screen</Filter>
    </ClInclude>
    <ClInclude Include="..\..\gui\include\gui\alarmconfigscreen_screen\alarmConfigScreenView.hpp">
      <Filter>Header Files\gui\alarmconfigscreen_screen</Filter>
    </ClInclude>
    <ClInclude Include="..\..\generated\gui_generated\include\gui_generated\alarmconfigscreen_screen\alarmConfigScreenViewBase.hpp">
      <Filter>Header Files\generated\gui_generated\alarmconfigscreen_screen</Filter>
    </ClInclude>
    <ClInclude Include="..\..\gui\include\gui\behaviourconfigscreen_screen\behaviourConfigScreenPresenter.hpp">
      <Filter>Header Files\gui\behaviourconfigscreen_screen</Filter>
    </ClInclude>
    <ClInclude Include="..\..\gui\include\gui\behaviourconfigscreen_screen\behaviourConfigScreenView.hpp">
      <Filter>Header Files\gui\behaviourconfigscreen_screen</Filter>
    </ClInclude>
    <ClInclude Include="..\..\generated\gui_generated\include\gui_generated\behaviourconfigscreen_screen\behaviourConfigScreenViewBase.hpp">
      <Filter>Header Files\generated\gui_generated\behaviourconfigscreen_screen</Filter>
    </ClInclude>
    <ClInclude Include="..\..\gui\include\gui\calibratezeroscreen_screen\calibrateZeroScreenPresenter.hpp">
      <Filter>Header Files\gui\calibratezeroscreen_screen</Filter>
    </ClInclude>
    <ClInclude Include="..\..\gui\include\gui\calibratezeroscreen_screen\calibrateZeroScreenView.hpp">
      <Filter>Header Files\gui\calibratezeroscreen_screen</Filter>
    </ClInclude>
    <ClInclude Include="..\..\generated\gui_generated\include\gui_generated\calibratezeroscreen_screen\calibrateZeroScreenViewBase.hpp">
      <Filter>Header Files\generated\gui_generated\calibratezeroscreen_screen</Filter>
    </ClInclude>
    <ClInclude Include="..\..\gui\include\gui\calibrationscreen_screen\calibrationScreenPresenter.hpp">
      <Filter>Header Files\gui\calibrationscreen_screen</Filter>
    </ClInclude>
    <ClInclude Include="..\..\gui\include\gui\calibrationscreen_screen\calibrationScreenView.hpp">
      <Filter>Header Files\gui\calibrationscreen_screen</Filter>
    </ClInclude>
    <ClInclude Include="..\..\generated\gui_generated\include\gui_generated\calibrationscreen_screen\calibrationScreenViewBase.hpp">
      <Filter>Header Files\generated\gui_generated\calibrationscreen_screen</Filter>
    </ClInclude>
    <ClInclude Include="..\..\gui\include\gui\configscreen_screen\configScreenPresenter.hpp">
      <Filter>Header Files\gui\configscreen_screen</Filter>
    </ClInclude>
    <ClInclude Include="..\..\gui\include\gui\configscreen_screen\configScreenView.hpp">
      <Filter>Header Files\gui\configscreen_screen</Filter>
    </ClInclude>
    <ClInclude Include="..\..\generated\gui_generated\include\gui_generated\configscreen_screen\configScreenViewBase.hpp">
      <Filter>Header Files\generated\gui_generated\configscreen_screen</Filter>
    </ClInclude>
    <ClInclude Include="..\..\gui\include\gui\dummyscreen_screen\dummyScreenPresenter.hpp">
      <Filter>Header Files\gui\dummyscreen_screen</Filter>
    </ClInclude>
    <ClInclude Include="..\..\gui\include\gui\dummyscreen_screen\dummyScreenView.hpp">
      <Filter>Header Files\gui\dummyscreen_screen</Filter>
    </ClInclude>
    <ClInclude Include="..\..\generated\gui_generated\include\gui_generated\dummyscreen_screen\dummyScreenViewBase.hpp">
      <Filter>Header Files\generated\gui_generated\dummyscreen_screen</Filter>
    </ClInclude>
    <ClInclude Include="..\..\gui\include\gui\editcalibhighscreen_screen\editCalibHighScreenPresenter.hpp">
      <Filter>Header Files\gui\editcalibhighscreen_screen</Filter>
    </ClInclude>
    <ClInclude Include="..\..\gui\include\gui\editcalibhighscreen_screen\editCalibHighScreenView.hpp">
      <Filter>Header Files\gui\editcalibhighscreen_screen</Filter>
    </ClInclude>
    <ClInclude Include="..\..\generated\gui_generated\include\gui_generated\editcalibhighscreen_screen\editCalibHighScreenViewBase.hpp">
      <Filter>Header Files\generated\gui_generated\editcalibhighscreen_screen</Filter>
    </ClInclude>
    <ClInclude Include="..\..\gui\include\gui\editcaliblowscreen_screen\editCalibLowScreenPresenter.hpp">
      <Filter>Header Files\gui\editcaliblowscreen_screen</Filter>
    </ClInclude>
    <ClInclude Include="..\..\gui\include\gui\editcaliblowscreen_screen\editCalibLowScreenView.hpp">
      <Filter>Header Files\gui\editcaliblowscreen_screen</Filter>
    </ClInclude>
    <ClInclude Include="..\..\generated\gui_generated\include\gui_generated\editcaliblowscreen_screen\editCalibLowScreenViewBase.hpp">
      <Filter>Header Files\generated\gui_generated\editcaliblowscreen_screen</Filter>
    </ClInclude>
    <ClInclude Include="..\..\gui\include\gui\editcalibvaluesscreen_screen\editCalibValuesScreenPresenter.hpp">
      <Filter>Header Files\gui\editcalibvaluesscreen_screen</Filter>
    </ClInclude>
    <ClInclude Include="..\..\gui\include\gui\editcalibvaluesscreen_screen\editCalibValuesScreenView.hpp">
      <Filter>Header Files\gui\editcalibvaluesscreen_screen</Filter>
    </ClInclude>
    <ClInclude Include="..\..\generated\gui_generated\include\gui_generated\editcalibvaluesscreen_screen\editCalibValuesScreenViewBase.hpp">
      <Filter>Header Files\generated\gui_generated\editcalibvaluesscreen_screen</Filter>
    </ClInclude>
    <ClInclude Include="..\..\gui\include\gui\fatalerrorscreen_screen\fatalErrorScreenPresenter.hpp">
      <Filter>Header Files\gui\fatalerrorscreen_screen</Filter>
    </ClInclude>
    <ClInclude Include="..\..\gui\include\gui\fatalerrorscreen_screen\fatalErrorScreenView.hpp">
      <Filter>Header Files\gui\fatalerrorscreen_screen</Filter>
    </ClInclude>
    <ClInclude Include="..\..\generated\gui_generated\include\gui_generated\fatalerrorscreen_screen\fatalErrorScreenViewBase.hpp">
      <Filter>Header Files\generated\gui_generated\fatalerrorscreen_screen</Filter>
    </ClInclude>
    <ClInclude Include="..\..\gui\include\gui\jobcompletescreen_screen\jobCompleteScreenPresenter.hpp">
      <Filter>Header Files\gui\jobcompletescreen_screen</Filter>
    </ClInclude>
    <ClInclude Include="..\..\gui\include\gui\jobcompletescreen_screen\jobCompleteScreenView.hpp">
      <Filter>Header Files\gui\jobcompletescreen_screen</Filter>
    </ClInclude>
    <ClInclude Include="..\..\generated\gui_generated\include\gui_generated\jobcompletescreen_screen\jobCompleteScreenViewBase.hpp">
      <Filter>Header Files\generated\gui_generated\jobcompletescreen_screen</Filter>
    </ClInclude>
    <ClInclude Include="..\..\gui\include\gui\mainscreen_screen\mainScreenPresenter.hpp">
      <Filter>Header Files\gui\mainscreen_screen</Filter>
    </ClInclude>
    <ClInclude Include="..\..\gui\include\gui\mainscreen_screen\mainScreenView.hpp">
      <Filter>Header Files\gui\mainscreen_screen</Filter>
    </ClInclude>
    <ClInclude Include="..\..\generated\gui_generated\include\gui_generated\mainscreen_screen\mainScreenViewBase.hpp">
      <Filter>Header Files\generated\gui_generated\mainscreen_screen</Filter>
    </ClInclude>
    <ClInclude Include="..\..\gui\include\gui\containers\numericKeyPad.hpp">
      <Filter>Header Files\gui\containers</Filter>
    </ClInclude>
    <ClInclude Include="..\..\generated\gui_generated\include\gui_generated\containers\numericKeyPadBase.hpp">
      <Filter>Header Files\generated\gui_generated\containers</Filter>
    </ClInclude>
    <ClInclude Include="..\..\gui\include\gui\requeststopscreen_screen\requestStopScreenPresenter.hpp">
      <Filter>Header Files\gui\requeststopscreen_screen</Filter>
    </ClInclude>
    <ClInclude Include="..\..\gui\include\gui\requeststopscreen_screen\requestStopScreenView.hpp">
      <Filter>Header Files\gui\requeststopscreen_screen</Filter>
    </ClInclude>
    <ClInclude Include="..\..\generated\gui_generated\include\gui_generated\requeststopscreen_screen\requestStopScreenViewBase.hpp">
      <Filter>Header Files\generated\gui_generated\requeststopscreen_screen</Filter>
    </ClInclude>
    <ClInclude Include="..\..\gui\include\gui\runscreen_screen\runScreenPresenter.hpp">
      <Filter>Header Files\gui\runscreen_screen</Filter>
    </ClInclude>
    <ClInclude Include="..\..\gui\include\gui\runscreen_screen\runScreenView.hpp">
      <Filter>Header Files\gui\runscreen_screen</Filter>
    </ClInclude>
    <ClInclude Include="..\..\generated\gui_generated\include\gui_generated\runscreen_screen\runScreenViewBase.hpp">
      <Filter>Header Files\generated\gui_generated\runscreen_screen</Filter>
    </ClInclude>
    <ClInclude Include="..\..\gui\include\gui\setamperescreen_screen\setAmpereScreenPresenter.hpp">
      <Filter>Header Files\gui\setamperescreen_screen</Filter>
    </ClInclude>
    <ClInclude Include="..\..\gui\include\gui\setamperescreen_screen\setAmpereScreenView.hpp">
      <Filter>Header Files\gui\setamperescreen_screen</Filter>
    </ClInclude>
    <ClInclude Include="..\..\generated\gui_generated\include\gui_generated\setamperescreen_screen\setAmpereScreenViewBase.hpp">
      <Filter>Header Files\generated\gui_generated\setamperescreen_screen</Filter>
    </ClInclude>
    <ClInclude Include="..\..\gui\include\gui\settimescreen_screen\setTimeScreenPresenter.hpp">
      <Filter>Header Files\gui\settimescreen_screen</Filter>
    </ClInclude>
    <ClInclude Include="..\..\gui\include\gui\settimescreen_screen\setTimeScreenView.hpp">
      <Filter>Header Files\gui\settimescreen_screen</Filter>
    </ClInclude>
    <ClInclude Include="..\..\generated\gui_generated\include\gui_generated\settimescreen_screen\setTimeScreenViewBase.hpp">
      <Filter>Header Files\generated\gui_generated\settimescreen_screen</Filter>
    </ClInclude>
    <ClInclude Include="..\..\gui\include\gui\startupscreen_screen\startupScreenPresenter.hpp">
      <Filter>Header Files\gui\startupscreen_screen</Filter>
    </ClInclude>
    <ClInclude Include="..\..\gui\include\gui\startupscreen_screen\startupScreenView.hpp">
      <Filter>Header Files\gui\startupscreen_screen</Filter>
    </ClInclude>
    <ClInclude Include="..\..\generated\gui_generated\include\gui_generated\startupscreen_screen\startupScreenViewBase.hpp">
      <Filter>Header Files\generated\gui_generated\startupscreen_screen</Filter>
    </ClInclude>
    <ClInclude Include="..\..\gui\include\gui\switchpressureconfigscreen_screen\switchPressureConfigScreenPresenter.hpp">
      <Filter>Header Files\gui\switchpressureconfigscreen_screen</Filter>
    </ClInclude>
    <ClInclude Include="..\..\gui\include\gui\switchpressureconfigscreen_screen\switchPressureConfigScreenView.hpp">
      <Filter>Header Files\gui\switchpressureconfigscreen_screen</Filter>
    </ClInclude>
    <ClInclude Include="..\..\generated\gui_generated\include\gui_generated\switchpressureconfigscreen_screen\switchPressureConfigScreenViewBase.hpp">
      <Filter>Header Files\generated\gui_generated\switchpressureconfigscreen_screen</Filter>
    </ClInclude>
    <ClInclude Include="..\..\gui\include\gui\containers\GaugeWithGoal.hpp">
      <Filter>Header Files\gui\containers</Filter>
    </ClInclude>
    <ClInclude Include="..\..\generated\gui_generated\include\gui_generated\containers\GaugeWithGoalBase.hpp">
      <Filter>Header Files\generated\gui_generated\containers</Filter>
    </ClInclude>
  </ItemGroup>
  <ItemGroup>
    <ResourceCompile Include="$(ApplicationRoot)\generated\simulator\touchgfx.rc">
      <Filter>Resource Files</Filter>
    </ResourceCompile>
  </ItemGroup>
</Project>
